// !$*UTF8*$!
{
	archiveVersion = 1;
	classes = {
	};
	objectVersion = 55;
	objects = {

/* Begin PBXBuildFile section */
		7E0B20B627BFA44400BABA2F /* glad.c in Sources */ = {isa = PBXBuildFile; fileRef = 7EAD3F1627BDE60D0039E0D8 /* glad.c */; };
		7E0B20B927BFA44400BABA2F /* CoreFoundation.framework in Frameworks */ = {isa = PBXBuildFile; fileRef = 7EAD3EFE27BC1CA60039E0D8 /* CoreFoundation.framework */; platformFilter = maccatalyst; };
		7E0B20BA27BFA44400BABA2F /* libglfw.3.3.dylib in Frameworks */ = {isa = PBXBuildFile; fileRef = 7EAD3F0227BC1DBD0039E0D8 /* libglfw.3.3.dylib */; };
		7E0B20BB27BFA44400BABA2F /* OpenGL.framework in Frameworks */ = {isa = PBXBuildFile; fileRef = 7EAD3F0027BC1CD30039E0D8 /* OpenGL.framework */; };
		7E0B20C227BFA4DD00BABA2F /* 3.Texture.exercise2.four-faces.cpp in Sources */ = {isa = PBXBuildFile; fileRef = 7E0B20C127BFA4DD00BABA2F /* 3.Texture.exercise2.four-faces.cpp */; };
		7E0B20C827BFAD6600BABA2F /* glad.c in Sources */ = {isa = PBXBuildFile; fileRef = 7EAD3F1627BDE60D0039E0D8 /* glad.c */; };
		7E0B20CA27BFAD6600BABA2F /* CoreFoundation.framework in Frameworks */ = {isa = PBXBuildFile; fileRef = 7EAD3EFE27BC1CA60039E0D8 /* CoreFoundation.framework */; platformFilter = maccatalyst; };
		7E0B20CB27BFAD6600BABA2F /* libglfw.3.3.dylib in Frameworks */ = {isa = PBXBuildFile; fileRef = 7EAD3F0227BC1DBD0039E0D8 /* libglfw.3.3.dylib */; };
		7E0B20CC27BFAD6600BABA2F /* OpenGL.framework in Frameworks */ = {isa = PBXBuildFile; fileRef = 7EAD3F0027BC1CD30039E0D8 /* OpenGL.framework */; };
		7E0B20D527BFAD7000BABA2F /* glad.c in Sources */ = {isa = PBXBuildFile; fileRef = 7EAD3F1627BDE60D0039E0D8 /* glad.c */; };
		7E0B20D727BFAD7000BABA2F /* CoreFoundation.framework in Frameworks */ = {isa = PBXBuildFile; fileRef = 7EAD3EFE27BC1CA60039E0D8 /* CoreFoundation.framework */; platformFilter = maccatalyst; };
		7E0B20D827BFAD7000BABA2F /* libglfw.3.3.dylib in Frameworks */ = {isa = PBXBuildFile; fileRef = 7EAD3F0227BC1DBD0039E0D8 /* libglfw.3.3.dylib */; };
		7E0B20D927BFAD7000BABA2F /* OpenGL.framework in Frameworks */ = {isa = PBXBuildFile; fileRef = 7EAD3F0027BC1CD30039E0D8 /* OpenGL.framework */; };
		7E0B20E927BFBD5400BABA2F /* 3.Texture.exercise3.zoom-in-texture.cpp in Sources */ = {isa = PBXBuildFile; fileRef = 7E0B20E727BFBD4B00BABA2F /* 3.Texture.exercise3.zoom-in-texture.cpp */; };
		7E0B20EA27BFBD5F00BABA2F /* 3.Texture.exercise4.control-texture-mix.cpp in Sources */ = {isa = PBXBuildFile; fileRef = 7E0B20E827BFBD4B00BABA2F /* 3.Texture.exercise4.control-texture-mix.cpp */; };
		7E0B20ED27BFF7D000BABA2F /* glad.c in Sources */ = {isa = PBXBuildFile; fileRef = 7EAD3F1627BDE60D0039E0D8 /* glad.c */; };
		7E0B20F027BFF7D000BABA2F /* CoreFoundation.framework in Frameworks */ = {isa = PBXBuildFile; fileRef = 7EAD3EFE27BC1CA60039E0D8 /* CoreFoundation.framework */; platformFilter = maccatalyst; };
		7E0B20F127BFF7D000BABA2F /* libglfw.3.3.dylib in Frameworks */ = {isa = PBXBuildFile; fileRef = 7EAD3F0227BC1DBD0039E0D8 /* libglfw.3.3.dylib */; };
		7E0B20F227BFF7D000BABA2F /* OpenGL.framework in Frameworks */ = {isa = PBXBuildFile; fileRef = 7EAD3F0027BC1CD30039E0D8 /* OpenGL.framework */; };
		7E36EF1127C754D9005B1804 /* glad.c in Sources */ = {isa = PBXBuildFile; fileRef = 7EAD3F1627BDE60D0039E0D8 /* glad.c */; };
		7E36EF1327C754D9005B1804 /* CoreFoundation.framework in Frameworks */ = {isa = PBXBuildFile; fileRef = 7EAD3EFE27BC1CA60039E0D8 /* CoreFoundation.framework */; platformFilter = maccatalyst; };
		7E36EF1427C754D9005B1804 /* libglfw.3.3.dylib in Frameworks */ = {isa = PBXBuildFile; fileRef = 7EAD3F0227BC1DBD0039E0D8 /* libglfw.3.3.dylib */; };
		7E36EF1527C754D9005B1804 /* OpenGL.framework in Frameworks */ = {isa = PBXBuildFile; fileRef = 7EAD3F0027BC1CD30039E0D8 /* OpenGL.framework */; };
		7E36EF1B27C754F3005B1804 /* 4.Coordinates_3D.cpp in Sources */ = {isa = PBXBuildFile; fileRef = 7E36EF0D27C754CF005B1804 /* 4.Coordinates_3D.cpp */; };
		7E48061727C1C7BA000D66E0 /* 4.Transform.cpp in Sources */ = {isa = PBXBuildFile; fileRef = 7E48061627C1C7BA000D66E0 /* 4.Transform.cpp */; };
		7E48061D27C3647D000D66E0 /* glad.c in Sources */ = {isa = PBXBuildFile; fileRef = 7EAD3F1627BDE60D0039E0D8 /* glad.c */; };
		7E48061F27C3647D000D66E0 /* CoreFoundation.framework in Frameworks */ = {isa = PBXBuildFile; fileRef = 7EAD3EFE27BC1CA60039E0D8 /* CoreFoundation.framework */; platformFilter = maccatalyst; };
		7E48062027C3647D000D66E0 /* libglfw.3.3.dylib in Frameworks */ = {isa = PBXBuildFile; fileRef = 7EAD3F0227BC1DBD0039E0D8 /* libglfw.3.3.dylib */; };
		7E48062127C3647D000D66E0 /* OpenGL.framework in Frameworks */ = {isa = PBXBuildFile; fileRef = 7EAD3F0027BC1CD30039E0D8 /* OpenGL.framework */; };
		7E48062827C36492000D66E0 /* 4.Transform.exercise1.先平移后旋转.cpp in Sources */ = {isa = PBXBuildFile; fileRef = 7E48062727C36492000D66E0 /* 4.Transform.exercise1.先平移后旋转.cpp */; };
		7E48062F27C367F0000D66E0 /* glad.c in Sources */ = {isa = PBXBuildFile; fileRef = 7EAD3F1627BDE60D0039E0D8 /* glad.c */; };
		7E48063127C367F0000D66E0 /* CoreFoundation.framework in Frameworks */ = {isa = PBXBuildFile; fileRef = 7EAD3EFE27BC1CA60039E0D8 /* CoreFoundation.framework */; platformFilter = maccatalyst; };
		7E48063227C367F0000D66E0 /* libglfw.3.3.dylib in Frameworks */ = {isa = PBXBuildFile; fileRef = 7EAD3F0227BC1DBD0039E0D8 /* libglfw.3.3.dylib */; };
		7E48063327C367F0000D66E0 /* OpenGL.framework in Frameworks */ = {isa = PBXBuildFile; fileRef = 7EAD3F0027BC1CD30039E0D8 /* OpenGL.framework */; };
		7E48063927C36817000D66E0 /* 4.Transform.exercise2.第二个缩放箱子.cpp in Sources */ = {isa = PBXBuildFile; fileRef = 7E48062927C367E7000D66E0 /* 4.Transform.exercise2.第二个缩放箱子.cpp */; };
		7E48063E27C73B00000D66E0 /* glad.c in Sources */ = {isa = PBXBuildFile; fileRef = 7EAD3F1627BDE60D0039E0D8 /* glad.c */; };
		7E48064027C73B00000D66E0 /* CoreFoundation.framework in Frameworks */ = {isa = PBXBuildFile; fileRef = 7EAD3EFE27BC1CA60039E0D8 /* CoreFoundation.framework */; platformFilter = maccatalyst; };
		7E48064127C73B00000D66E0 /* libglfw.3.3.dylib in Frameworks */ = {isa = PBXBuildFile; fileRef = 7EAD3F0227BC1DBD0039E0D8 /* libglfw.3.3.dylib */; };
		7E48064227C73B00000D66E0 /* OpenGL.framework in Frameworks */ = {isa = PBXBuildFile; fileRef = 7EAD3F0027BC1CD30039E0D8 /* OpenGL.framework */; };
		7E48064827C73B12000D66E0 /* 4.Coordinates_2D.cpp in Sources */ = {isa = PBXBuildFile; fileRef = 7E48063A27C73AF4000D66E0 /* 4.Coordinates_2D.cpp */; };
		7EAD3EF727BC1C7F0039E0D8 /* 2.HelloTriangle.cpp in Sources */ = {isa = PBXBuildFile; fileRef = 7EAD3EF627BC1C7F0039E0D8 /* 2.HelloTriangle.cpp */; };
		7EAD3EFF27BC1CA60039E0D8 /* CoreFoundation.framework in Frameworks */ = {isa = PBXBuildFile; fileRef = 7EAD3EFE27BC1CA60039E0D8 /* CoreFoundation.framework */; platformFilter = maccatalyst; };
		7EAD3F0327BC1DBD0039E0D8 /* libglfw.3.3.dylib in Frameworks */ = {isa = PBXBuildFile; fileRef = 7EAD3F0227BC1DBD0039E0D8 /* libglfw.3.3.dylib */; };
		7EAD3F0D27BC95810039E0D8 /* OpenGL.framework in Frameworks */ = {isa = PBXBuildFile; fileRef = 7EAD3F0027BC1CD30039E0D8 /* OpenGL.framework */; };
		7EAD3F1727BDE60E0039E0D8 /* glad.c in Sources */ = {isa = PBXBuildFile; fileRef = 7EAD3F1627BDE60D0039E0D8 /* glad.c */; };
		7EAD3F1E27BDEC540039E0D8 /* glad.c in Sources */ = {isa = PBXBuildFile; fileRef = 7EAD3F1627BDE60D0039E0D8 /* glad.c */; };
		7EAD3F2027BDEC540039E0D8 /* CoreFoundation.framework in Frameworks */ = {isa = PBXBuildFile; fileRef = 7EAD3EFE27BC1CA60039E0D8 /* CoreFoundation.framework */; platformFilter = maccatalyst; };
		7EAD3F2127BDEC540039E0D8 /* libglfw.3.3.dylib in Frameworks */ = {isa = PBXBuildFile; fileRef = 7EAD3F0227BC1DBD0039E0D8 /* libglfw.3.3.dylib */; };
		7EAD3F2227BDEC540039E0D8 /* OpenGL.framework in Frameworks */ = {isa = PBXBuildFile; fileRef = 7EAD3F0027BC1CD30039E0D8 /* OpenGL.framework */; };
		7EAD3F2827BDEC6C0039E0D8 /* 2.HelloTriangle-ShaderClass.cpp in Sources */ = {isa = PBXBuildFile; fileRef = 7EAD3F1927BDEA800039E0D8 /* 2.HelloTriangle-ShaderClass.cpp */; };
		7EAD3F3027BE1F060039E0D8 /* glad.c in Sources */ = {isa = PBXBuildFile; fileRef = 7EAD3F1627BDE60D0039E0D8 /* glad.c */; };
		7EAD3F3227BE1F060039E0D8 /* CoreFoundation.framework in Frameworks */ = {isa = PBXBuildFile; fileRef = 7EAD3EFE27BC1CA60039E0D8 /* CoreFoundation.framework */; platformFilter = maccatalyst; };
		7EAD3F3327BE1F060039E0D8 /* libglfw.3.3.dylib in Frameworks */ = {isa = PBXBuildFile; fileRef = 7EAD3F0227BC1DBD0039E0D8 /* libglfw.3.3.dylib */; };
		7EAD3F3427BE1F060039E0D8 /* OpenGL.framework in Frameworks */ = {isa = PBXBuildFile; fileRef = 7EAD3F0027BC1CD30039E0D8 /* OpenGL.framework */; };
		7EAD3F3A27BEA2A70039E0D8 /* 3.Texture.cpp in Sources */ = {isa = PBXBuildFile; fileRef = 7EAD3F2C27BE1EFD0039E0D8 /* 3.Texture.cpp */; };
		7EF32EBB27D1D0F300B10078 /* glad.c in Sources */ = {isa = PBXBuildFile; fileRef = 7EAD3F1627BDE60D0039E0D8 /* glad.c */; };
		7EF32EBD27D1D0F300B10078 /* CoreFoundation.framework in Frameworks */ = {isa = PBXBuildFile; fileRef = 7EAD3EFE27BC1CA60039E0D8 /* CoreFoundation.framework */; platformFilter = maccatalyst; };
		7EF32EBE27D1D0F300B10078 /* libglfw.3.3.dylib in Frameworks */ = {isa = PBXBuildFile; fileRef = 7EAD3F0227BC1DBD0039E0D8 /* libglfw.3.3.dylib */; };
		7EF32EBF27D1D0F300B10078 /* OpenGL.framework in Frameworks */ = {isa = PBXBuildFile; fileRef = 7EAD3F0027BC1CD30039E0D8 /* OpenGL.framework */; };
		7EF32EC627D1D13100B10078 /* 4.Camera.cpp in Sources */ = {isa = PBXBuildFile; fileRef = 7EF32EC527D1D13000B10078 /* 4.Camera.cpp */; };
		7EF32ED127D35CB000B10078 /* glad.c in Sources */ = {isa = PBXBuildFile; fileRef = 7EAD3F1627BDE60D0039E0D8 /* glad.c */; };
		7EF32ED327D35CB000B10078 /* CoreFoundation.framework in Frameworks */ = {isa = PBXBuildFile; fileRef = 7EAD3EFE27BC1CA60039E0D8 /* CoreFoundation.framework */; platformFilter = maccatalyst; };
		7EF32ED427D35CB000B10078 /* libglfw.3.3.dylib in Frameworks */ = {isa = PBXBuildFile; fileRef = 7EAD3F0227BC1DBD0039E0D8 /* libglfw.3.3.dylib */; };
		7EF32ED527D35CB000B10078 /* OpenGL.framework in Frameworks */ = {isa = PBXBuildFile; fileRef = 7EAD3F0027BC1CD30039E0D8 /* OpenGL.framework */; };
		7EF32EDF27D35FCC00B10078 /* 5.Light.Color.cpp in Sources */ = {isa = PBXBuildFile; fileRef = 7EF32ECC27D35C8100B10078 /* 5.Light.Color.cpp */; };
		7EF32EEC27D4E6F500B10078 /* imgui_impl_glfw.cpp in Sources */ = {isa = PBXBuildFile; fileRef = 7EF32EE927D4E6CF00B10078 /* imgui_impl_glfw.cpp */; };
		7EF32EED27D4E6F500B10078 /* imgui_impl_opengl3.cpp in Sources */ = {isa = PBXBuildFile; fileRef = 7EF32EEB27D4E6CF00B10078 /* imgui_impl_opengl3.cpp */; };
		7EF32EF927D4E8FA00B10078 /* imgui_draw.cpp in Sources */ = {isa = PBXBuildFile; fileRef = 7EF32EF327D4E8E600B10078 /* imgui_draw.cpp */; };
		7EF32EFA27D4E8FA00B10078 /* imgui_tables.cpp in Sources */ = {isa = PBXBuildFile; fileRef = 7EF32EF427D4E8E600B10078 /* imgui_tables.cpp */; };
		7EF32EFB27D4E8FB00B10078 /* imgui_widgets.cpp in Sources */ = {isa = PBXBuildFile; fileRef = 7EF32EF227D4E8E600B10078 /* imgui_widgets.cpp */; };
		7EF32EFC27D4E8FB00B10078 /* imgui.cpp in Sources */ = {isa = PBXBuildFile; fileRef = 7EF32EEE27D4E7CA00B10078 /* imgui.cpp */; };
		7EF32EFE27D4EAA200B10078 /* imgui_demo.cpp in Sources */ = {isa = PBXBuildFile; fileRef = 7EF32EFD27D4EAA200B10078 /* imgui_demo.cpp */; };
		7EF32F0627D5A9F200B10078 /* imgui_draw.cpp in Sources */ = {isa = PBXBuildFile; fileRef = 7EF32EF327D4E8E600B10078 /* imgui_draw.cpp */; };
		7EF32F0727D5A9F200B10078 /* imgui_tables.cpp in Sources */ = {isa = PBXBuildFile; fileRef = 7EF32EF427D4E8E600B10078 /* imgui_tables.cpp */; };
		7EF32F0827D5A9F200B10078 /* imgui_widgets.cpp in Sources */ = {isa = PBXBuildFile; fileRef = 7EF32EF227D4E8E600B10078 /* imgui_widgets.cpp */; };
		7EF32F0927D5A9F200B10078 /* imgui.cpp in Sources */ = {isa = PBXBuildFile; fileRef = 7EF32EEE27D4E7CA00B10078 /* imgui.cpp */; };
		7EF32F0A27D5A9F200B10078 /* imgui_impl_glfw.cpp in Sources */ = {isa = PBXBuildFile; fileRef = 7EF32EE927D4E6CF00B10078 /* imgui_impl_glfw.cpp */; };
		7EF32F0B27D5A9F200B10078 /* imgui_impl_opengl3.cpp in Sources */ = {isa = PBXBuildFile; fileRef = 7EF32EEB27D4E6CF00B10078 /* imgui_impl_opengl3.cpp */; };
		7EF32F0E27D5A9F200B10078 /* glad.c in Sources */ = {isa = PBXBuildFile; fileRef = 7EAD3F1627BDE60D0039E0D8 /* glad.c */; };
		7EF32F1027D5A9F200B10078 /* CoreFoundation.framework in Frameworks */ = {isa = PBXBuildFile; fileRef = 7EAD3EFE27BC1CA60039E0D8 /* CoreFoundation.framework */; platformFilter = maccatalyst; };
		7EF32F1127D5A9F200B10078 /* libglfw.3.3.dylib in Frameworks */ = {isa = PBXBuildFile; fileRef = 7EAD3F0227BC1DBD0039E0D8 /* libglfw.3.3.dylib */; };
		7EF32F1227D5A9F200B10078 /* OpenGL.framework in Frameworks */ = {isa = PBXBuildFile; fileRef = 7EAD3F0027BC1CD30039E0D8 /* OpenGL.framework */; };
		7EF32F1827D5AA0900B10078 /* 5.Light.PhongLighting.cpp in Sources */ = {isa = PBXBuildFile; fileRef = 7EF32F0127D5A9EB00B10078 /* 5.Light.PhongLighting.cpp */; };
		7EF32F1B27D990BE00B10078 /* imgui_draw.cpp in Sources */ = {isa = PBXBuildFile; fileRef = 7EF32EF327D4E8E600B10078 /* imgui_draw.cpp */; };
		7EF32F1C27D990BE00B10078 /* imgui_tables.cpp in Sources */ = {isa = PBXBuildFile; fileRef = 7EF32EF427D4E8E600B10078 /* imgui_tables.cpp */; };
		7EF32F1D27D990BE00B10078 /* imgui_widgets.cpp in Sources */ = {isa = PBXBuildFile; fileRef = 7EF32EF227D4E8E600B10078 /* imgui_widgets.cpp */; };
		7EF32F1E27D990BE00B10078 /* imgui.cpp in Sources */ = {isa = PBXBuildFile; fileRef = 7EF32EEE27D4E7CA00B10078 /* imgui.cpp */; };
		7EF32F1F27D990BE00B10078 /* imgui_impl_glfw.cpp in Sources */ = {isa = PBXBuildFile; fileRef = 7EF32EE927D4E6CF00B10078 /* imgui_impl_glfw.cpp */; };
		7EF32F2027D990BE00B10078 /* imgui_impl_opengl3.cpp in Sources */ = {isa = PBXBuildFile; fileRef = 7EF32EEB27D4E6CF00B10078 /* imgui_impl_opengl3.cpp */; };
		7EF32F2227D990BE00B10078 /* imgui_demo.cpp in Sources */ = {isa = PBXBuildFile; fileRef = 7EF32EFD27D4EAA200B10078 /* imgui_demo.cpp */; };
		7EF32F2327D990BE00B10078 /* glad.c in Sources */ = {isa = PBXBuildFile; fileRef = 7EAD3F1627BDE60D0039E0D8 /* glad.c */; };
		7EF32F2527D990BE00B10078 /* CoreFoundation.framework in Frameworks */ = {isa = PBXBuildFile; fileRef = 7EAD3EFE27BC1CA60039E0D8 /* CoreFoundation.framework */; platformFilter = maccatalyst; };
		7EF32F2627D990BE00B10078 /* libglfw.3.3.dylib in Frameworks */ = {isa = PBXBuildFile; fileRef = 7EAD3F0227BC1DBD0039E0D8 /* libglfw.3.3.dylib */; };
		7EF32F2727D990BE00B10078 /* OpenGL.framework in Frameworks */ = {isa = PBXBuildFile; fileRef = 7EAD3F0027BC1CD30039E0D8 /* OpenGL.framework */; };
		7EF32F3027D9916A00B10078 /* 5.Material.cpp in Sources */ = {isa = PBXBuildFile; fileRef = 7EF32F2F27D9916100B10078 /* 5.Material.cpp */; };
		7EF32F3727E0907300B10078 /* imgui_draw.cpp in Sources */ = {isa = PBXBuildFile; fileRef = 7EF32EF327D4E8E600B10078 /* imgui_draw.cpp */; };
		7EF32F3827E0907300B10078 /* imgui_tables.cpp in Sources */ = {isa = PBXBuildFile; fileRef = 7EF32EF427D4E8E600B10078 /* imgui_tables.cpp */; };
		7EF32F3927E0907300B10078 /* imgui_widgets.cpp in Sources */ = {isa = PBXBuildFile; fileRef = 7EF32EF227D4E8E600B10078 /* imgui_widgets.cpp */; };
		7EF32F3A27E0907300B10078 /* imgui.cpp in Sources */ = {isa = PBXBuildFile; fileRef = 7EF32EEE27D4E7CA00B10078 /* imgui.cpp */; };
		7EF32F3B27E0907300B10078 /* imgui_impl_glfw.cpp in Sources */ = {isa = PBXBuildFile; fileRef = 7EF32EE927D4E6CF00B10078 /* imgui_impl_glfw.cpp */; };
		7EF32F3C27E0907300B10078 /* imgui_impl_opengl3.cpp in Sources */ = {isa = PBXBuildFile; fileRef = 7EF32EEB27D4E6CF00B10078 /* imgui_impl_opengl3.cpp */; };
		7EF32F3D27E0907300B10078 /* imgui_demo.cpp in Sources */ = {isa = PBXBuildFile; fileRef = 7EF32EFD27D4EAA200B10078 /* imgui_demo.cpp */; };
		7EF32F3E27E0907300B10078 /* glad.c in Sources */ = {isa = PBXBuildFile; fileRef = 7EAD3F1627BDE60D0039E0D8 /* glad.c */; };
		7EF32F4027E0907300B10078 /* CoreFoundation.framework in Frameworks */ = {isa = PBXBuildFile; fileRef = 7EAD3EFE27BC1CA60039E0D8 /* CoreFoundation.framework */; platformFilter = maccatalyst; };
		7EF32F4127E0907300B10078 /* libglfw.3.3.dylib in Frameworks */ = {isa = PBXBuildFile; fileRef = 7EAD3F0227BC1DBD0039E0D8 /* libglfw.3.3.dylib */; };
		7EF32F4227E0907300B10078 /* OpenGL.framework in Frameworks */ = {isa = PBXBuildFile; fileRef = 7EAD3F0027BC1CD30039E0D8 /* OpenGL.framework */; };
		7EF32F4827E0908000B10078 /* 5.Material_LightingMap.cpp in Sources */ = {isa = PBXBuildFile; fileRef = 7EF32F3227E0906C00B10078 /* 5.Material_LightingMap.cpp */; };
		7EF32F4F27EACE5F00B10078 /* imgui_draw.cpp in Sources */ = {isa = PBXBuildFile; fileRef = 7EF32EF327D4E8E600B10078 /* imgui_draw.cpp */; };
		7EF32F5027EACE5F00B10078 /* imgui_tables.cpp in Sources */ = {isa = PBXBuildFile; fileRef = 7EF32EF427D4E8E600B10078 /* imgui_tables.cpp */; };
		7EF32F5127EACE5F00B10078 /* imgui_widgets.cpp in Sources */ = {isa = PBXBuildFile; fileRef = 7EF32EF227D4E8E600B10078 /* imgui_widgets.cpp */; };
		7EF32F5227EACE5F00B10078 /* imgui.cpp in Sources */ = {isa = PBXBuildFile; fileRef = 7EF32EEE27D4E7CA00B10078 /* imgui.cpp */; };
		7EF32F5327EACE5F00B10078 /* imgui_impl_glfw.cpp in Sources */ = {isa = PBXBuildFile; fileRef = 7EF32EE927D4E6CF00B10078 /* imgui_impl_glfw.cpp */; };
		7EF32F5427EACE5F00B10078 /* imgui_impl_opengl3.cpp in Sources */ = {isa = PBXBuildFile; fileRef = 7EF32EEB27D4E6CF00B10078 /* imgui_impl_opengl3.cpp */; };
		7EF32F5527EACE5F00B10078 /* imgui_demo.cpp in Sources */ = {isa = PBXBuildFile; fileRef = 7EF32EFD27D4EAA200B10078 /* imgui_demo.cpp */; };
		7EF32F5627EACE5F00B10078 /* glad.c in Sources */ = {isa = PBXBuildFile; fileRef = 7EAD3F1627BDE60D0039E0D8 /* glad.c */; };
		7EF32F5827EACE5F00B10078 /* CoreFoundation.framework in Frameworks */ = {isa = PBXBuildFile; fileRef = 7EAD3EFE27BC1CA60039E0D8 /* CoreFoundation.framework */; platformFilter = maccatalyst; };
		7EF32F5927EACE5F00B10078 /* libglfw.3.3.dylib in Frameworks */ = {isa = PBXBuildFile; fileRef = 7EAD3F0227BC1DBD0039E0D8 /* libglfw.3.3.dylib */; };
		7EF32F5A27EACE5F00B10078 /* OpenGL.framework in Frameworks */ = {isa = PBXBuildFile; fileRef = 7EAD3F0027BC1CD30039E0D8 /* OpenGL.framework */; };
		7EF32F6027EACE7800B10078 /* 5.FlashLight.cpp in Sources */ = {isa = PBXBuildFile; fileRef = 7EF32F4B27EACE2E00B10078 /* 5.FlashLight.cpp */; };
/* End PBXBuildFile section */

/* Begin PBXCopyFilesBuildPhase section */
		7E0B20BC27BFA44400BABA2F /* CopyFiles */ = {
			isa = PBXCopyFilesBuildPhase;
			buildActionMask = 2147483647;
			dstPath = /usr/share/man/man1/;
			dstSubfolderSpec = 0;
			files = (
			);
			runOnlyForDeploymentPostprocessing = 1;
		};
		7E0B20CD27BFAD6600BABA2F /* CopyFiles */ = {
			isa = PBXCopyFilesBuildPhase;
			buildActionMask = 2147483647;
			dstPath = /usr/share/man/man1/;
			dstSubfolderSpec = 0;
			files = (
			);
			runOnlyForDeploymentPostprocessing = 1;
		};
		7E0B20DA27BFAD7000BABA2F /* CopyFiles */ = {
			isa = PBXCopyFilesBuildPhase;
			buildActionMask = 2147483647;
			dstPath = /usr/share/man/man1/;
			dstSubfolderSpec = 0;
			files = (
			);
			runOnlyForDeploymentPostprocessing = 1;
		};
		7E0B20F327BFF7D000BABA2F /* CopyFiles */ = {
			isa = PBXCopyFilesBuildPhase;
			buildActionMask = 2147483647;
			dstPath = /usr/share/man/man1/;
			dstSubfolderSpec = 0;
			files = (
			);
			runOnlyForDeploymentPostprocessing = 1;
		};
		7E36EF1627C754D9005B1804 /* CopyFiles */ = {
			isa = PBXCopyFilesBuildPhase;
			buildActionMask = 2147483647;
			dstPath = /usr/share/man/man1/;
			dstSubfolderSpec = 0;
			files = (
			);
			runOnlyForDeploymentPostprocessing = 1;
		};
		7E48062227C3647D000D66E0 /* CopyFiles */ = {
			isa = PBXCopyFilesBuildPhase;
			buildActionMask = 2147483647;
			dstPath = /usr/share/man/man1/;
			dstSubfolderSpec = 0;
			files = (
			);
			runOnlyForDeploymentPostprocessing = 1;
		};
		7E48063427C367F0000D66E0 /* CopyFiles */ = {
			isa = PBXCopyFilesBuildPhase;
			buildActionMask = 2147483647;
			dstPath = /usr/share/man/man1/;
			dstSubfolderSpec = 0;
			files = (
			);
			runOnlyForDeploymentPostprocessing = 1;
		};
		7E48064327C73B00000D66E0 /* CopyFiles */ = {
			isa = PBXCopyFilesBuildPhase;
			buildActionMask = 2147483647;
			dstPath = /usr/share/man/man1/;
			dstSubfolderSpec = 0;
			files = (
			);
			runOnlyForDeploymentPostprocessing = 1;
		};
		7EAD3EF127BC1C7F0039E0D8 /* CopyFiles */ = {
			isa = PBXCopyFilesBuildPhase;
			buildActionMask = 2147483647;
			dstPath = /usr/share/man/man1/;
			dstSubfolderSpec = 0;
			files = (
			);
			runOnlyForDeploymentPostprocessing = 1;
		};
		7EAD3F2327BDEC540039E0D8 /* CopyFiles */ = {
			isa = PBXCopyFilesBuildPhase;
			buildActionMask = 2147483647;
			dstPath = /usr/share/man/man1/;
			dstSubfolderSpec = 0;
			files = (
			);
			runOnlyForDeploymentPostprocessing = 1;
		};
		7EAD3F3527BE1F060039E0D8 /* CopyFiles */ = {
			isa = PBXCopyFilesBuildPhase;
			buildActionMask = 2147483647;
			dstPath = /usr/share/man/man1/;
			dstSubfolderSpec = 0;
			files = (
			);
			runOnlyForDeploymentPostprocessing = 1;
		};
		7EF32EC027D1D0F300B10078 /* CopyFiles */ = {
			isa = PBXCopyFilesBuildPhase;
			buildActionMask = 2147483647;
			dstPath = /usr/share/man/man1/;
			dstSubfolderSpec = 0;
			files = (
			);
			runOnlyForDeploymentPostprocessing = 1;
		};
		7EF32ED627D35CB000B10078 /* CopyFiles */ = {
			isa = PBXCopyFilesBuildPhase;
			buildActionMask = 2147483647;
			dstPath = /usr/share/man/man1/;
			dstSubfolderSpec = 0;
			files = (
			);
			runOnlyForDeploymentPostprocessing = 1;
		};
		7EF32F1327D5A9F200B10078 /* CopyFiles */ = {
			isa = PBXCopyFilesBuildPhase;
			buildActionMask = 2147483647;
			dstPath = /usr/share/man/man1/;
			dstSubfolderSpec = 0;
			files = (
			);
			runOnlyForDeploymentPostprocessing = 1;
		};
		7EF32F2827D990BE00B10078 /* CopyFiles */ = {
			isa = PBXCopyFilesBuildPhase;
			buildActionMask = 2147483647;
			dstPath = /usr/share/man/man1/;
			dstSubfolderSpec = 0;
			files = (
			);
			runOnlyForDeploymentPostprocessing = 1;
		};
		7EF32F4327E0907300B10078 /* CopyFiles */ = {
			isa = PBXCopyFilesBuildPhase;
			buildActionMask = 2147483647;
			dstPath = /usr/share/man/man1/;
			dstSubfolderSpec = 0;
			files = (
			);
			runOnlyForDeploymentPostprocessing = 1;
		};
		7EF32F5B27EACE5F00B10078 /* CopyFiles */ = {
			isa = PBXCopyFilesBuildPhase;
			buildActionMask = 2147483647;
			dstPath = /usr/share/man/man1/;
			dstSubfolderSpec = 0;
			files = (
			);
			runOnlyForDeploymentPostprocessing = 1;
		};
/* End PBXCopyFilesBuildPhase section */

/* Begin PBXFileReference section */
		7E0B20AE27BF419F00BABA2F /* container.jpg */ = {isa = PBXFileReference; lastKnownFileType = image.jpeg; path = container.jpg; sourceTree = "<group>"; };
		7E0B20AF27BF419F00BABA2F /* wall.jpg */ = {isa = PBXFileReference; lastKnownFileType = image.jpeg; path = wall.jpg; sourceTree = "<group>"; };
		7E0B20B227BF469A00BABA2F /* 3.3.shader.fs */ = {isa = PBXFileReference; fileEncoding = 4; lastKnownFileType = sourcecode.glsl; path = 3.3.shader.fs; sourceTree = "<group>"; };
		7E0B20B327BF469A00BABA2F /* 3.3.shader.vs */ = {isa = PBXFileReference; fileEncoding = 4; lastKnownFileType = sourcecode.glsl; path = 3.3.shader.vs; sourceTree = "<group>"; };
		7E0B20C027BFA44400BABA2F /* 3.Texture.exercise2.four-faces */ = {isa = PBXFileReference; explicitFileType = "compiled.mach-o.executable"; includeInIndex = 0; path = "3.Texture.exercise2.four-faces"; sourceTree = BUILT_PRODUCTS_DIR; };
		7E0B20C127BFA4DD00BABA2F /* 3.Texture.exercise2.four-faces.cpp */ = {isa = PBXFileReference; fileEncoding = 4; lastKnownFileType = sourcecode.cpp.cpp; path = "3.Texture.exercise2.four-faces.cpp"; sourceTree = "<group>"; };
		7E0B20C327BFA80500BABA2F /* 3.3.exercise2.shader.fs */ = {isa = PBXFileReference; lastKnownFileType = sourcecode.glsl; path = 3.3.exercise2.shader.fs; sourceTree = "<group>"; };
		7E0B20C427BFA80500BABA2F /* 3.3.exercise2.shader.vs */ = {isa = PBXFileReference; lastKnownFileType = sourcecode.glsl; path = 3.3.exercise2.shader.vs; sourceTree = "<group>"; };
		7E0B20D127BFAD6600BABA2F /* 3.Texture.exercise3.zoom-in-texture */ = {isa = PBXFileReference; explicitFileType = "compiled.mach-o.executable"; includeInIndex = 0; path = "3.Texture.exercise3.zoom-in-texture"; sourceTree = BUILT_PRODUCTS_DIR; };
		7E0B20DE27BFAD7000BABA2F /* 3.Texture.exercise4.control-texture-mix */ = {isa = PBXFileReference; explicitFileType = "compiled.mach-o.executable"; includeInIndex = 0; path = "3.Texture.exercise4.control-texture-mix"; sourceTree = BUILT_PRODUCTS_DIR; };
		7E0B20DF27BFAE6400BABA2F /* 3.3.exercise3.shader.vs */ = {isa = PBXFileReference; lastKnownFileType = sourcecode.glsl; path = 3.3.exercise3.shader.vs; sourceTree = "<group>"; };
		7E0B20E027BFAE6500BABA2F /* 3.3.exercise4.shader.fs */ = {isa = PBXFileReference; lastKnownFileType = sourcecode.glsl; path = 3.3.exercise4.shader.fs; sourceTree = "<group>"; };
		7E0B20E127BFAE6500BABA2F /* 3.3.exercise3.shader.fs */ = {isa = PBXFileReference; lastKnownFileType = sourcecode.glsl; path = 3.3.exercise3.shader.fs; sourceTree = "<group>"; };
		7E0B20E227BFAE6500BABA2F /* 3.3.exercise4.shader.vs */ = {isa = PBXFileReference; lastKnownFileType = sourcecode.glsl; path = 3.3.exercise4.shader.vs; sourceTree = "<group>"; };
		7E0B20E727BFBD4B00BABA2F /* 3.Texture.exercise3.zoom-in-texture.cpp */ = {isa = PBXFileReference; lastKnownFileType = sourcecode.cpp.cpp; path = "3.Texture.exercise3.zoom-in-texture.cpp"; sourceTree = "<group>"; };
		7E0B20E827BFBD4B00BABA2F /* 3.Texture.exercise4.control-texture-mix.cpp */ = {isa = PBXFileReference; lastKnownFileType = sourcecode.cpp.cpp; path = "3.Texture.exercise4.control-texture-mix.cpp"; sourceTree = "<group>"; };
		7E0B20F727BFF7D000BABA2F /* 4.Transform */ = {isa = PBXFileReference; explicitFileType = "compiled.mach-o.executable"; includeInIndex = 0; path = 4.Transform; sourceTree = BUILT_PRODUCTS_DIR; };
		7E36EF0B27C754C8005B1804 /* 4.Coordinates_3D-3.3.shader.vs */ = {isa = PBXFileReference; lastKnownFileType = sourcecode.glsl; path = "4.Coordinates_3D-3.3.shader.vs"; sourceTree = "<group>"; };
		7E36EF0C27C754C9005B1804 /* 4.Coordinates_3D-3.3.shader.fs */ = {isa = PBXFileReference; lastKnownFileType = sourcecode.glsl; path = "4.Coordinates_3D-3.3.shader.fs"; sourceTree = "<group>"; };
		7E36EF0D27C754CF005B1804 /* 4.Coordinates_3D.cpp */ = {isa = PBXFileReference; lastKnownFileType = sourcecode.cpp.cpp; path = 4.Coordinates_3D.cpp; sourceTree = "<group>"; };
		7E36EF1A27C754D9005B1804 /* 4.Coordinates_3D */ = {isa = PBXFileReference; explicitFileType = "compiled.mach-o.executable"; includeInIndex = 0; path = 4.Coordinates_3D; sourceTree = BUILT_PRODUCTS_DIR; };
		7E48061627C1C7BA000D66E0 /* 4.Transform.cpp */ = {isa = PBXFileReference; lastKnownFileType = sourcecode.cpp.cpp; path = 4.Transform.cpp; sourceTree = "<group>"; };
		7E48061827C1C834000D66E0 /* 4.Transform-3.3.shader.fs */ = {isa = PBXFileReference; lastKnownFileType = sourcecode.glsl; path = "4.Transform-3.3.shader.fs"; sourceTree = "<group>"; };
		7E48061927C1C834000D66E0 /* 4.Transform-3.3.shader.vs */ = {isa = PBXFileReference; lastKnownFileType = sourcecode.glsl; path = "4.Transform-3.3.shader.vs"; sourceTree = "<group>"; };
		7E48062627C3647D000D66E0 /* 4.Transform.exercise1.先平移后旋转 */ = {isa = PBXFileReference; explicitFileType = "compiled.mach-o.executable"; includeInIndex = 0; path = "4.Transform.exercise1.先平移后旋转"; sourceTree = BUILT_PRODUCTS_DIR; };
		7E48062727C36492000D66E0 /* 4.Transform.exercise1.先平移后旋转.cpp */ = {isa = PBXFileReference; fileEncoding = 4; lastKnownFileType = sourcecode.cpp.cpp; path = "4.Transform.exercise1.先平移后旋转.cpp"; sourceTree = "<group>"; };
		7E48062927C367E7000D66E0 /* 4.Transform.exercise2.第二个缩放箱子.cpp */ = {isa = PBXFileReference; fileEncoding = 4; lastKnownFileType = sourcecode.cpp.cpp; path = "4.Transform.exercise2.第二个缩放箱子.cpp"; sourceTree = "<group>"; };
		7E48063827C367F0000D66E0 /* 4.Transform.exercise2.第二个缩放箱子 */ = {isa = PBXFileReference; explicitFileType = "compiled.mach-o.executable"; includeInIndex = 0; path = "4.Transform.exercise2.第二个缩放箱子"; sourceTree = BUILT_PRODUCTS_DIR; };
		7E48063A27C73AF4000D66E0 /* 4.Coordinates_2D.cpp */ = {isa = PBXFileReference; lastKnownFileType = sourcecode.cpp.cpp; path = 4.Coordinates_2D.cpp; sourceTree = "<group>"; };
		7E48064727C73B00000D66E0 /* 4.Coordinates_2D */ = {isa = PBXFileReference; explicitFileType = "compiled.mach-o.executable"; includeInIndex = 0; path = 4.Coordinates_2D; sourceTree = BUILT_PRODUCTS_DIR; };
		7E48064927C73B5B000D66E0 /* 4.Coordinates_2D-3.3.shader.fs */ = {isa = PBXFileReference; lastKnownFileType = sourcecode.glsl; path = "4.Coordinates_2D-3.3.shader.fs"; sourceTree = "<group>"; };
		7E48064A27C73B5B000D66E0 /* 4.Coordinates_2D-3.3.shader.vs */ = {isa = PBXFileReference; lastKnownFileType = sourcecode.glsl; path = "4.Coordinates_2D-3.3.shader.vs"; sourceTree = "<group>"; };
		7EAD3EF327BC1C7F0039E0D8 /* 2.HelloTriangle */ = {isa = PBXFileReference; explicitFileType = "compiled.mach-o.executable"; includeInIndex = 0; path = 2.HelloTriangle; sourceTree = BUILT_PRODUCTS_DIR; };
		7EAD3EF627BC1C7F0039E0D8 /* 2.HelloTriangle.cpp */ = {isa = PBXFileReference; lastKnownFileType = sourcecode.cpp.cpp; path = 2.HelloTriangle.cpp; sourceTree = "<group>"; };
		7EAD3EFE27BC1CA60039E0D8 /* CoreFoundation.framework */ = {isa = PBXFileReference; lastKnownFileType = wrapper.framework; name = CoreFoundation.framework; path = System/Library/Frameworks/CoreFoundation.framework; sourceTree = SDKROOT; };
		7EAD3F0027BC1CD30039E0D8 /* OpenGL.framework */ = {isa = PBXFileReference; lastKnownFileType = wrapper.framework; name = OpenGL.framework; path = System/Library/Frameworks/OpenGL.framework; sourceTree = SDKROOT; };
		7EAD3F0227BC1DBD0039E0D8 /* libglfw.3.3.dylib */ = {isa = PBXFileReference; lastKnownFileType = "compiled.mach-o.dylib"; name = libglfw.3.3.dylib; path = ../../../../../../usr/local/Cellar/glfw/3.3.6/lib/libglfw.3.3.dylib; sourceTree = "<group>"; };
		7EAD3F0E27BDE1230039E0D8 /* shader.h */ = {isa = PBXFileReference; lastKnownFileType = sourcecode.c.h; path = shader.h; sourceTree = "<group>"; };
		7EAD3F1627BDE60D0039E0D8 /* glad.c */ = {isa = PBXFileReference; fileEncoding = 4; lastKnownFileType = sourcecode.c.c; path = glad.c; sourceTree = "<group>"; };
		7EAD3F1927BDEA800039E0D8 /* 2.HelloTriangle-ShaderClass.cpp */ = {isa = PBXFileReference; lastKnownFileType = sourcecode.cpp.cpp; path = "2.HelloTriangle-ShaderClass.cpp"; sourceTree = "<group>"; };
		7EAD3F2727BDEC540039E0D8 /* 2.HelloTriangle-ShaderClass */ = {isa = PBXFileReference; explicitFileType = "compiled.mach-o.executable"; includeInIndex = 0; path = "2.HelloTriangle-ShaderClass"; sourceTree = BUILT_PRODUCTS_DIR; };
		7EAD3F2927BDEF180039E0D8 /* 3.3.shader.fs */ = {isa = PBXFileReference; lastKnownFileType = sourcecode.glsl; path = 3.3.shader.fs; sourceTree = "<group>"; };
		7EAD3F2A27BDEF440039E0D8 /* 3.3.shader.vs */ = {isa = PBXFileReference; lastKnownFileType = sourcecode.glsl; path = 3.3.shader.vs; sourceTree = "<group>"; };
		7EAD3F2C27BE1EFD0039E0D8 /* 3.Texture.cpp */ = {isa = PBXFileReference; lastKnownFileType = sourcecode.cpp.cpp; path = 3.Texture.cpp; sourceTree = "<group>"; };
		7EAD3F3927BE1F060039E0D8 /* 3.Texture */ = {isa = PBXFileReference; explicitFileType = "compiled.mach-o.executable"; includeInIndex = 0; path = 3.Texture; sourceTree = BUILT_PRODUCTS_DIR; };
		7EF32EC427D1D0F300B10078 /* 4.Camera */ = {isa = PBXFileReference; explicitFileType = "compiled.mach-o.executable"; includeInIndex = 0; path = 4.Camera; sourceTree = BUILT_PRODUCTS_DIR; };
		7EF32EC527D1D13000B10078 /* 4.Camera.cpp */ = {isa = PBXFileReference; fileEncoding = 4; lastKnownFileType = sourcecode.cpp.cpp; path = 4.Camera.cpp; sourceTree = "<group>"; };
		7EF32EC727D1D13F00B10078 /* 4.Camera-3.3.shader.fs */ = {isa = PBXFileReference; lastKnownFileType = sourcecode.glsl; path = "4.Camera-3.3.shader.fs"; sourceTree = "<group>"; };
		7EF32EC827D1D13F00B10078 /* 4.Camera-3.3.shader.vs */ = {isa = PBXFileReference; lastKnownFileType = sourcecode.glsl; path = "4.Camera-3.3.shader.vs"; sourceTree = "<group>"; };
		7EF32EC927D1D3A500B10078 /* awesomeface.png */ = {isa = PBXFileReference; lastKnownFileType = image.png; path = awesomeface.png; sourceTree = "<group>"; };
		7EF32ECA27D1F5C300B10078 /* Camera.h */ = {isa = PBXFileReference; lastKnownFileType = sourcecode.c.h; path = Camera.h; sourceTree = "<group>"; };
		7EF32ECC27D35C8100B10078 /* 5.Light.Color.cpp */ = {isa = PBXFileReference; lastKnownFileType = sourcecode.cpp.cpp; path = 5.Light.Color.cpp; sourceTree = "<group>"; };
		7EF32EDA27D35CB000B10078 /* 5.Light.Color */ = {isa = PBXFileReference; explicitFileType = "compiled.mach-o.executable"; includeInIndex = 0; path = 5.Light.Color; sourceTree = BUILT_PRODUCTS_DIR; };
		7EF32EDB27D35D1700B10078 /* shader.h */ = {isa = PBXFileReference; lastKnownFileType = sourcecode.c.h; path = shader.h; sourceTree = "<group>"; };
		7EF32EDE27D35D1800B10078 /* camera.h */ = {isa = PBXFileReference; lastKnownFileType = sourcecode.c.h; path = camera.h; sourceTree = "<group>"; };
		7EF32EE027D366DA00B10078 /* 5.Light.Color.light_cube.vs */ = {isa = PBXFileReference; lastKnownFileType = sourcecode.glsl; path = 5.Light.Color.light_cube.vs; sourceTree = "<group>"; };
		7EF32EE127D366DA00B10078 /* 5.Light.Color.light_cube.fs */ = {isa = PBXFileReference; lastKnownFileType = sourcecode.glsl; path = 5.Light.Color.light_cube.fs; sourceTree = "<group>"; };
		7EF32EE227D366DA00B10078 /* 5.Light.Color.colors.vs */ = {isa = PBXFileReference; lastKnownFileType = sourcecode.glsl; path = 5.Light.Color.colors.vs; sourceTree = "<group>"; };
		7EF32EE427D366DA00B10078 /* 5.Light.Color.colors.fs */ = {isa = PBXFileReference; lastKnownFileType = sourcecode.glsl; path = 5.Light.Color.colors.fs; sourceTree = "<group>"; };
		7EF32EE627D4E54F00B10078 /* imgui.h */ = {isa = PBXFileReference; lastKnownFileType = sourcecode.c.h; path = imgui.h; sourceTree = "<group>"; };
		7EF32EE727D4E6C000B10078 /* imgui_impl_opengl3.h */ = {isa = PBXFileReference; lastKnownFileType = sourcecode.c.h; path = imgui_impl_opengl3.h; sourceTree = "<group>"; };
		7EF32EE827D4E6C000B10078 /* imgui_impl_glfw.h */ = {isa = PBXFileReference; lastKnownFileType = sourcecode.c.h; path = imgui_impl_glfw.h; sourceTree = "<group>"; };
		7EF32EE927D4E6CF00B10078 /* imgui_impl_glfw.cpp */ = {isa = PBXFileReference; lastKnownFileType = sourcecode.cpp.cpp; path = imgui_impl_glfw.cpp; sourceTree = "<group>"; };
		7EF32EEA27D4E6CF00B10078 /* imgui_impl_opengl3_loader.h */ = {isa = PBXFileReference; lastKnownFileType = sourcecode.c.h; path = imgui_impl_opengl3_loader.h; sourceTree = "<group>"; };
		7EF32EEB27D4E6CF00B10078 /* imgui_impl_opengl3.cpp */ = {isa = PBXFileReference; lastKnownFileType = sourcecode.cpp.cpp; path = imgui_impl_opengl3.cpp; sourceTree = "<group>"; };
		7EF32EEE27D4E7CA00B10078 /* imgui.cpp */ = {isa = PBXFileReference; lastKnownFileType = sourcecode.cpp.cpp; path = imgui.cpp; sourceTree = "<group>"; };
		7EF32EEF27D4E7EC00B10078 /* imconfig.h */ = {isa = PBXFileReference; lastKnownFileType = sourcecode.c.h; path = imconfig.h; sourceTree = "<group>"; };
		7EF32EF027D4E8E500B10078 /* imstb_truetype.h */ = {isa = PBXFileReference; lastKnownFileType = sourcecode.c.h; path = imstb_truetype.h; sourceTree = "<group>"; };
		7EF32EF127D4E8E500B10078 /* imgui_internal.h */ = {isa = PBXFileReference; lastKnownFileType = sourcecode.c.h; path = imgui_internal.h; sourceTree = "<group>"; };
		7EF32EF227D4E8E600B10078 /* imgui_widgets.cpp */ = {isa = PBXFileReference; lastKnownFileType = sourcecode.cpp.cpp; path = imgui_widgets.cpp; sourceTree = "<group>"; };
		7EF32EF327D4E8E600B10078 /* imgui_draw.cpp */ = {isa = PBXFileReference; lastKnownFileType = sourcecode.cpp.cpp; path = imgui_draw.cpp; sourceTree = "<group>"; };
		7EF32EF427D4E8E600B10078 /* imgui_tables.cpp */ = {isa = PBXFileReference; lastKnownFileType = sourcecode.cpp.cpp; path = imgui_tables.cpp; sourceTree = "<group>"; };
		7EF32EF627D4E8E600B10078 /* imstb_textedit.h */ = {isa = PBXFileReference; lastKnownFileType = sourcecode.c.h; path = imstb_textedit.h; sourceTree = "<group>"; };
		7EF32EF727D4E8E700B10078 /* imstb_rectpack.h */ = {isa = PBXFileReference; lastKnownFileType = sourcecode.c.h; path = imstb_rectpack.h; sourceTree = "<group>"; };
		7EF32EFD27D4EAA200B10078 /* imgui_demo.cpp */ = {isa = PBXFileReference; fileEncoding = 4; lastKnownFileType = sourcecode.cpp.cpp; name = imgui_demo.cpp; path = ../../../GitHub/imgui/imgui_demo.cpp; sourceTree = "<group>"; };
		7EF32EFF27D5A9EB00B10078 /* 5.Light.PhongLighting.light_cube.vs */ = {isa = PBXFileReference; lastKnownFileType = sourcecode.glsl; path = 5.Light.PhongLighting.light_cube.vs; sourceTree = "<group>"; };
		7EF32F0027D5A9EB00B10078 /* 5.Light.PhongLighting.colors.fs */ = {isa = PBXFileReference; lastKnownFileType = sourcecode.glsl; path = 5.Light.PhongLighting.colors.fs; sourceTree = "<group>"; };
		7EF32F0127D5A9EB00B10078 /* 5.Light.PhongLighting.cpp */ = {isa = PBXFileReference; lastKnownFileType = sourcecode.cpp.cpp; path = 5.Light.PhongLighting.cpp; sourceTree = "<group>"; };
		7EF32F0227D5A9EB00B10078 /* 5.Light.PhongLighting.light_cube.fs */ = {isa = PBXFileReference; lastKnownFileType = sourcecode.glsl; path = 5.Light.PhongLighting.light_cube.fs; sourceTree = "<group>"; };
		7EF32F0327D5A9EB00B10078 /* 5.Light.PhongLighting.colors.vs */ = {isa = PBXFileReference; lastKnownFileType = sourcecode.glsl; path = 5.Light.PhongLighting.colors.vs; sourceTree = "<group>"; };
		7EF32F1727D5A9F200B10078 /* 5.Light.PhongLighting */ = {isa = PBXFileReference; explicitFileType = "compiled.mach-o.executable"; includeInIndex = 0; path = 5.Light.PhongLighting; sourceTree = BUILT_PRODUCTS_DIR; };
		7EF32F2C27D990BE00B10078 /* 5.Material */ = {isa = PBXFileReference; explicitFileType = "compiled.mach-o.executable"; includeInIndex = 0; path = 5.Material; sourceTree = BUILT_PRODUCTS_DIR; };
		7EF32F2D27D9916100B10078 /* 5.Material.vs */ = {isa = PBXFileReference; lastKnownFileType = sourcecode.glsl; path = 5.Material.vs; sourceTree = "<group>"; };
		7EF32F2E27D9916100B10078 /* 5.Material.fs */ = {isa = PBXFileReference; lastKnownFileType = sourcecode.glsl; path = 5.Material.fs; sourceTree = "<group>"; };
		7EF32F2F27D9916100B10078 /* 5.Material.cpp */ = {isa = PBXFileReference; lastKnownFileType = sourcecode.cpp.cpp; path = 5.Material.cpp; sourceTree = "<group>"; };
		7EF32F3127E0906C00B10078 /* 5.Material_LightingMap.fs */ = {isa = PBXFileReference; lastKnownFileType = sourcecode.glsl; path = 5.Material_LightingMap.fs; sourceTree = "<group>"; };
		7EF32F3227E0906C00B10078 /* 5.Material_LightingMap.cpp */ = {isa = PBXFileReference; lastKnownFileType = sourcecode.cpp.cpp; path = 5.Material_LightingMap.cpp; sourceTree = "<group>"; };
		7EF32F3327E0906C00B10078 /* 5.Material_LightingMap.vs */ = {isa = PBXFileReference; lastKnownFileType = sourcecode.glsl; path = 5.Material_LightingMap.vs; sourceTree = "<group>"; };
		7EF32F4727E0907300B10078 /* 5.LightMap */ = {isa = PBXFileReference; explicitFileType = "compiled.mach-o.executable"; includeInIndex = 0; path = 5.LightMap; sourceTree = BUILT_PRODUCTS_DIR; };
		7EF32F4927EACE2D00B10078 /* 5.FLashLight.fs */ = {isa = PBXFileReference; lastKnownFileType = sourcecode.glsl; path = 5.FLashLight.fs; sourceTree = "<group>"; };
		7EF32F4A27EACE2E00B10078 /* 5.FLashLight.vs */ = {isa = PBXFileReference; lastKnownFileType = sourcecode.glsl; path = 5.FLashLight.vs; sourceTree = "<group>"; };
		7EF32F4B27EACE2E00B10078 /* 5.FlashLight.cpp */ = {isa = PBXFileReference; lastKnownFileType = sourcecode.cpp.cpp; path = 5.FlashLight.cpp; sourceTree = "<group>"; };
		7EF32F5F27EACE5F00B10078 /* 5.FlashLight */ = {isa = PBXFileReference; explicitFileType = "compiled.mach-o.executable"; includeInIndex = 0; path = 5.FlashLight; sourceTree = BUILT_PRODUCTS_DIR; };
/* End PBXFileReference section */

/* Begin PBXFrameworksBuildPhase section */
		7E0B20B827BFA44400BABA2F /* Frameworks */ = {
			isa = PBXFrameworksBuildPhase;
			buildActionMask = 2147483647;
			files = (
				7E0B20B927BFA44400BABA2F /* CoreFoundation.framework in Frameworks */,
				7E0B20BA27BFA44400BABA2F /* libglfw.3.3.dylib in Frameworks */,
				7E0B20BB27BFA44400BABA2F /* OpenGL.framework in Frameworks */,
			);
			runOnlyForDeploymentPostprocessing = 0;
		};
		7E0B20C927BFAD6600BABA2F /* Frameworks */ = {
			isa = PBXFrameworksBuildPhase;
			buildActionMask = 2147483647;
			files = (
				7E0B20CA27BFAD6600BABA2F /* CoreFoundation.framework in Frameworks */,
				7E0B20CB27BFAD6600BABA2F /* libglfw.3.3.dylib in Frameworks */,
				7E0B20CC27BFAD6600BABA2F /* OpenGL.framework in Frameworks */,
			);
			runOnlyForDeploymentPostprocessing = 0;
		};
		7E0B20D627BFAD7000BABA2F /* Frameworks */ = {
			isa = PBXFrameworksBuildPhase;
			buildActionMask = 2147483647;
			files = (
				7E0B20D727BFAD7000BABA2F /* CoreFoundation.framework in Frameworks */,
				7E0B20D827BFAD7000BABA2F /* libglfw.3.3.dylib in Frameworks */,
				7E0B20D927BFAD7000BABA2F /* OpenGL.framework in Frameworks */,
			);
			runOnlyForDeploymentPostprocessing = 0;
		};
		7E0B20EF27BFF7D000BABA2F /* Frameworks */ = {
			isa = PBXFrameworksBuildPhase;
			buildActionMask = 2147483647;
			files = (
				7E0B20F027BFF7D000BABA2F /* CoreFoundation.framework in Frameworks */,
				7E0B20F127BFF7D000BABA2F /* libglfw.3.3.dylib in Frameworks */,
				7E0B20F227BFF7D000BABA2F /* OpenGL.framework in Frameworks */,
			);
			runOnlyForDeploymentPostprocessing = 0;
		};
		7E36EF1227C754D9005B1804 /* Frameworks */ = {
			isa = PBXFrameworksBuildPhase;
			buildActionMask = 2147483647;
			files = (
				7E36EF1327C754D9005B1804 /* CoreFoundation.framework in Frameworks */,
				7E36EF1427C754D9005B1804 /* libglfw.3.3.dylib in Frameworks */,
				7E36EF1527C754D9005B1804 /* OpenGL.framework in Frameworks */,
			);
			runOnlyForDeploymentPostprocessing = 0;
		};
		7E48061E27C3647D000D66E0 /* Frameworks */ = {
			isa = PBXFrameworksBuildPhase;
			buildActionMask = 2147483647;
			files = (
				7E48061F27C3647D000D66E0 /* CoreFoundation.framework in Frameworks */,
				7E48062027C3647D000D66E0 /* libglfw.3.3.dylib in Frameworks */,
				7E48062127C3647D000D66E0 /* OpenGL.framework in Frameworks */,
			);
			runOnlyForDeploymentPostprocessing = 0;
		};
		7E48063027C367F0000D66E0 /* Frameworks */ = {
			isa = PBXFrameworksBuildPhase;
			buildActionMask = 2147483647;
			files = (
				7E48063127C367F0000D66E0 /* CoreFoundation.framework in Frameworks */,
				7E48063227C367F0000D66E0 /* libglfw.3.3.dylib in Frameworks */,
				7E48063327C367F0000D66E0 /* OpenGL.framework in Frameworks */,
			);
			runOnlyForDeploymentPostprocessing = 0;
		};
		7E48063F27C73B00000D66E0 /* Frameworks */ = {
			isa = PBXFrameworksBuildPhase;
			buildActionMask = 2147483647;
			files = (
				7E48064027C73B00000D66E0 /* CoreFoundation.framework in Frameworks */,
				7E48064127C73B00000D66E0 /* libglfw.3.3.dylib in Frameworks */,
				7E48064227C73B00000D66E0 /* OpenGL.framework in Frameworks */,
			);
			runOnlyForDeploymentPostprocessing = 0;
		};
		7EAD3EF027BC1C7F0039E0D8 /* Frameworks */ = {
			isa = PBXFrameworksBuildPhase;
			buildActionMask = 2147483647;
			files = (
				7EAD3EFF27BC1CA60039E0D8 /* CoreFoundation.framework in Frameworks */,
				7EAD3F0327BC1DBD0039E0D8 /* libglfw.3.3.dylib in Frameworks */,
				7EAD3F0D27BC95810039E0D8 /* OpenGL.framework in Frameworks */,
			);
			runOnlyForDeploymentPostprocessing = 0;
		};
		7EAD3F1F27BDEC540039E0D8 /* Frameworks */ = {
			isa = PBXFrameworksBuildPhase;
			buildActionMask = 2147483647;
			files = (
				7EAD3F2027BDEC540039E0D8 /* CoreFoundation.framework in Frameworks */,
				7EAD3F2127BDEC540039E0D8 /* libglfw.3.3.dylib in Frameworks */,
				7EAD3F2227BDEC540039E0D8 /* OpenGL.framework in Frameworks */,
			);
			runOnlyForDeploymentPostprocessing = 0;
		};
		7EAD3F3127BE1F060039E0D8 /* Frameworks */ = {
			isa = PBXFrameworksBuildPhase;
			buildActionMask = 2147483647;
			files = (
				7EAD3F3227BE1F060039E0D8 /* CoreFoundation.framework in Frameworks */,
				7EAD3F3327BE1F060039E0D8 /* libglfw.3.3.dylib in Frameworks */,
				7EAD3F3427BE1F060039E0D8 /* OpenGL.framework in Frameworks */,
			);
			runOnlyForDeploymentPostprocessing = 0;
		};
		7EF32EBC27D1D0F300B10078 /* Frameworks */ = {
			isa = PBXFrameworksBuildPhase;
			buildActionMask = 2147483647;
			files = (
				7EF32EBD27D1D0F300B10078 /* CoreFoundation.framework in Frameworks */,
				7EF32EBE27D1D0F300B10078 /* libglfw.3.3.dylib in Frameworks */,
				7EF32EBF27D1D0F300B10078 /* OpenGL.framework in Frameworks */,
			);
			runOnlyForDeploymentPostprocessing = 0;
		};
		7EF32ED227D35CB000B10078 /* Frameworks */ = {
			isa = PBXFrameworksBuildPhase;
			buildActionMask = 2147483647;
			files = (
				7EF32ED327D35CB000B10078 /* CoreFoundation.framework in Frameworks */,
				7EF32ED427D35CB000B10078 /* libglfw.3.3.dylib in Frameworks */,
				7EF32ED527D35CB000B10078 /* OpenGL.framework in Frameworks */,
			);
			runOnlyForDeploymentPostprocessing = 0;
		};
		7EF32F0F27D5A9F200B10078 /* Frameworks */ = {
			isa = PBXFrameworksBuildPhase;
			buildActionMask = 2147483647;
			files = (
				7EF32F1027D5A9F200B10078 /* CoreFoundation.framework in Frameworks */,
				7EF32F1127D5A9F200B10078 /* libglfw.3.3.dylib in Frameworks */,
				7EF32F1227D5A9F200B10078 /* OpenGL.framework in Frameworks */,
			);
			runOnlyForDeploymentPostprocessing = 0;
		};
		7EF32F2427D990BE00B10078 /* Frameworks */ = {
			isa = PBXFrameworksBuildPhase;
			buildActionMask = 2147483647;
			files = (
				7EF32F2527D990BE00B10078 /* CoreFoundation.framework in Frameworks */,
				7EF32F2627D990BE00B10078 /* libglfw.3.3.dylib in Frameworks */,
				7EF32F2727D990BE00B10078 /* OpenGL.framework in Frameworks */,
			);
			runOnlyForDeploymentPostprocessing = 0;
		};
		7EF32F3F27E0907300B10078 /* Frameworks */ = {
			isa = PBXFrameworksBuildPhase;
			buildActionMask = 2147483647;
			files = (
				7EF32F4027E0907300B10078 /* CoreFoundation.framework in Frameworks */,
				7EF32F4127E0907300B10078 /* libglfw.3.3.dylib in Frameworks */,
				7EF32F4227E0907300B10078 /* OpenGL.framework in Frameworks */,
			);
			runOnlyForDeploymentPostprocessing = 0;
		};
		7EF32F5727EACE5F00B10078 /* Frameworks */ = {
			isa = PBXFrameworksBuildPhase;
			buildActionMask = 2147483647;
			files = (
				7EF32F5827EACE5F00B10078 /* CoreFoundation.framework in Frameworks */,
				7EF32F5927EACE5F00B10078 /* libglfw.3.3.dylib in Frameworks */,
				7EF32F5A27EACE5F00B10078 /* OpenGL.framework in Frameworks */,
			);
			runOnlyForDeploymentPostprocessing = 0;
		};
/* End PBXFrameworksBuildPhase section */

/* Begin PBXGroup section */
		7E0B20AD27BF419F00BABA2F /* assets */ = {
			isa = PBXGroup;
			children = (
				7E0B20AE27BF419F00BABA2F /* container.jpg */,
				7E0B20AF27BF419F00BABA2F /* wall.jpg */,
				7EF32EC927D1D3A500B10078 /* awesomeface.png */,
			);
			path = assets;
			sourceTree = "<group>";
		};
		7E48061527C1C79B000D66E0 /* 4.Transform */ = {
			isa = PBXGroup;
			children = (
				7E48061627C1C7BA000D66E0 /* 4.Transform.cpp */,
				7E48062727C36492000D66E0 /* 4.Transform.exercise1.先平移后旋转.cpp */,
				7E48063A27C73AF4000D66E0 /* 4.Coordinates_2D.cpp */,
				7E48062927C367E7000D66E0 /* 4.Transform.exercise2.第二个缩放箱子.cpp */,
				7E36EF0C27C754C9005B1804 /* 4.Coordinates_3D-3.3.shader.fs */,
				7E36EF0D27C754CF005B1804 /* 4.Coordinates_3D.cpp */,
				7E36EF0B27C754C8005B1804 /* 4.Coordinates_3D-3.3.shader.vs */,
				7EF32EC727D1D13F00B10078 /* 4.Camera-3.3.shader.fs */,
				7EF32EC827D1D13F00B10078 /* 4.Camera-3.3.shader.vs */,
				7EF32EC527D1D13000B10078 /* 4.Camera.cpp */,
				7E48064927C73B5B000D66E0 /* 4.Coordinates_2D-3.3.shader.fs */,
				7E48064A27C73B5B000D66E0 /* 4.Coordinates_2D-3.3.shader.vs */,
				7E48061827C1C834000D66E0 /* 4.Transform-3.3.shader.fs */,
				7E48061927C1C834000D66E0 /* 4.Transform-3.3.shader.vs */,
				7EF32ECA27D1F5C300B10078 /* Camera.h */,
			);
			path = 4.Transform;
			sourceTree = "<group>";
		};
		7EAD3EEA27BC1C7F0039E0D8 = {
			isa = PBXGroup;
			children = (
				7EF32EE527D4E53700B10078 /* imgui */,
				7EF32ECD27D35C8700B10078 /* learnopengl */,
				7EF32ECB27D358B000B10078 /* 5.Light */,
				7E48061527C1C79B000D66E0 /* 4.Transform */,
				7E0B20AD27BF419F00BABA2F /* assets */,
				7EAD3F1627BDE60D0039E0D8 /* glad.c */,
				7EAD3EF527BC1C7F0039E0D8 /* 2.HelloTriangle */,
				7EAD3F1827BDEA440039E0D8 /* 2.HelloTriangle-ShaderClass */,
				7EAD3F2B27BE1EB60039E0D8 /* 3.Texture */,
				7EAD3EFD27BC1CA60039E0D8 /* Frameworks */,
				7EAD3EF427BC1C7F0039E0D8 /* Products */,
				7EAD3F1227BDE4830039E0D8 /* shader */,
			);
			sourceTree = "<group>";
		};
		7EAD3EF427BC1C7F0039E0D8 /* Products */ = {
			isa = PBXGroup;
			children = (
				7EAD3EF327BC1C7F0039E0D8 /* 2.HelloTriangle */,
				7EAD3F2727BDEC540039E0D8 /* 2.HelloTriangle-ShaderClass */,
				7EAD3F3927BE1F060039E0D8 /* 3.Texture */,
				7E0B20C027BFA44400BABA2F /* 3.Texture.exercise2.four-faces */,
				7E0B20D127BFAD6600BABA2F /* 3.Texture.exercise3.zoom-in-texture */,
				7E0B20DE27BFAD7000BABA2F /* 3.Texture.exercise4.control-texture-mix */,
				7E0B20F727BFF7D000BABA2F /* 4.Transform */,
				7E48062627C3647D000D66E0 /* 4.Transform.exercise1.先平移后旋转 */,
				7E48063827C367F0000D66E0 /* 4.Transform.exercise2.第二个缩放箱子 */,
				7E48064727C73B00000D66E0 /* 4.Coordinates_2D */,
				7E36EF1A27C754D9005B1804 /* 4.Coordinates_3D */,
				7EF32EC427D1D0F300B10078 /* 4.Camera */,
				7EF32EDA27D35CB000B10078 /* 5.Light.Color */,
				7EF32F1727D5A9F200B10078 /* 5.Light.PhongLighting */,
				7EF32F2C27D990BE00B10078 /* 5.Material */,
				7EF32F4727E0907300B10078 /* 5.LightMap */,
				7EF32F5F27EACE5F00B10078 /* 5.FlashLight */,
			);
			name = Products;
			sourceTree = "<group>";
		};
		7EAD3EF527BC1C7F0039E0D8 /* 2.HelloTriangle */ = {
			isa = PBXGroup;
			children = (
				7EAD3EF627BC1C7F0039E0D8 /* 2.HelloTriangle.cpp */,
			);
			path = 2.HelloTriangle;
			sourceTree = "<group>";
		};
		7EAD3EFD27BC1CA60039E0D8 /* Frameworks */ = {
			isa = PBXGroup;
			children = (
				7EAD3EFE27BC1CA60039E0D8 /* CoreFoundation.framework */,
				7EAD3F0227BC1DBD0039E0D8 /* libglfw.3.3.dylib */,
				7EAD3F0027BC1CD30039E0D8 /* OpenGL.framework */,
			);
			name = Frameworks;
			sourceTree = "<group>";
		};
		7EAD3F1227BDE4830039E0D8 /* shader */ = {
			isa = PBXGroup;
			children = (
				7EAD3F0E27BDE1230039E0D8 /* shader.h */,
			);
			path = shader;
			sourceTree = "<group>";
		};
		7EAD3F1827BDEA440039E0D8 /* 2.HelloTriangle-ShaderClass */ = {
			isa = PBXGroup;
			children = (
				7EAD3F1927BDEA800039E0D8 /* 2.HelloTriangle-ShaderClass.cpp */,
				7EAD3F2927BDEF180039E0D8 /* 3.3.shader.fs */,
				7EAD3F2A27BDEF440039E0D8 /* 3.3.shader.vs */,
			);
			path = "2.HelloTriangle-ShaderClass";
			sourceTree = "<group>";
		};
		7EAD3F2B27BE1EB60039E0D8 /* 3.Texture */ = {
			isa = PBXGroup;
			children = (
				7E0B20B227BF469A00BABA2F /* 3.3.shader.fs */,
				7E0B20E127BFAE6500BABA2F /* 3.3.exercise3.shader.fs */,
				7E0B20DF27BFAE6400BABA2F /* 3.3.exercise3.shader.vs */,
				7E0B20E027BFAE6500BABA2F /* 3.3.exercise4.shader.fs */,
				7E0B20E727BFBD4B00BABA2F /* 3.Texture.exercise3.zoom-in-texture.cpp */,
				7E0B20E827BFBD4B00BABA2F /* 3.Texture.exercise4.control-texture-mix.cpp */,
				7E0B20E227BFAE6500BABA2F /* 3.3.exercise4.shader.vs */,
				7E0B20C127BFA4DD00BABA2F /* 3.Texture.exercise2.four-faces.cpp */,
				7E0B20C327BFA80500BABA2F /* 3.3.exercise2.shader.fs */,
				7E0B20C427BFA80500BABA2F /* 3.3.exercise2.shader.vs */,
				7E0B20B327BF469A00BABA2F /* 3.3.shader.vs */,
				7EAD3F2C27BE1EFD0039E0D8 /* 3.Texture.cpp */,
			);
			path = 3.Texture;
			sourceTree = "<group>";
		};
		7EF32ECB27D358B000B10078 /* 5.Light */ = {
			isa = PBXGroup;
			children = (
				7EF32F0027D5A9EB00B10078 /* 5.Light.PhongLighting.colors.fs */,
				7EF32F0327D5A9EB00B10078 /* 5.Light.PhongLighting.colors.vs */,
				7EF32F4B27EACE2E00B10078 /* 5.FlashLight.cpp */,
				7EF32F4927EACE2D00B10078 /* 5.FLashLight.fs */,
				7EF32F4A27EACE2E00B10078 /* 5.FLashLight.vs */,
				7EF32F0127D5A9EB00B10078 /* 5.Light.PhongLighting.cpp */,
				7EF32F0227D5A9EB00B10078 /* 5.Light.PhongLighting.light_cube.fs */,
				7EF32F3227E0906C00B10078 /* 5.Material_LightingMap.cpp */,
				7EF32F3127E0906C00B10078 /* 5.Material_LightingMap.fs */,
				7EF32F3327E0906C00B10078 /* 5.Material_LightingMap.vs */,
				7EF32F2F27D9916100B10078 /* 5.Material.cpp */,
				7EF32F2E27D9916100B10078 /* 5.Material.fs */,
				7EF32F2D27D9916100B10078 /* 5.Material.vs */,
				7EF32EFF27D5A9EB00B10078 /* 5.Light.PhongLighting.light_cube.vs */,
				7EF32ECC27D35C8100B10078 /* 5.Light.Color.cpp */,
				7EF32EE427D366DA00B10078 /* 5.Light.Color.colors.fs */,
				7EF32EE227D366DA00B10078 /* 5.Light.Color.colors.vs */,
				7EF32EE127D366DA00B10078 /* 5.Light.Color.light_cube.fs */,
				7EF32EE027D366DA00B10078 /* 5.Light.Color.light_cube.vs */,
			);
			path = 5.Light;
			sourceTree = "<group>";
		};
		7EF32ECD27D35C8700B10078 /* learnopengl */ = {
			isa = PBXGroup;
			children = (
				7EF32EDE27D35D1800B10078 /* camera.h */,
				7EF32EDB27D35D1700B10078 /* shader.h */,
			);
			path = learnopengl;
			sourceTree = "<group>";
		};
		7EF32EE527D4E53700B10078 /* imgui */ = {
			isa = PBXGroup;
			children = (
				7EF32EFD27D4EAA200B10078 /* imgui_demo.cpp */,
				7EF32EE827D4E6C000B10078 /* imgui_impl_glfw.h */,
				7EF32EE927D4E6CF00B10078 /* imgui_impl_glfw.cpp */,
				7EF32EEA27D4E6CF00B10078 /* imgui_impl_opengl3_loader.h */,
				7EF32EEF27D4E7EC00B10078 /* imconfig.h */,
				7EF32EF327D4E8E600B10078 /* imgui_draw.cpp */,
				7EF32EF127D4E8E500B10078 /* imgui_internal.h */,
				7EF32EF427D4E8E600B10078 /* imgui_tables.cpp */,
				7EF32EF227D4E8E600B10078 /* imgui_widgets.cpp */,
				7EF32EF727D4E8E700B10078 /* imstb_rectpack.h */,
				7EF32EF627D4E8E600B10078 /* imstb_textedit.h */,
				7EF32EF027D4E8E500B10078 /* imstb_truetype.h */,
				7EF32EEB27D4E6CF00B10078 /* imgui_impl_opengl3.cpp */,
				7EF32EEE27D4E7CA00B10078 /* imgui.cpp */,
				7EF32EE727D4E6C000B10078 /* imgui_impl_opengl3.h */,
				7EF32EE627D4E54F00B10078 /* imgui.h */,
			);
			path = imgui;
			sourceTree = "<group>";
		};
/* End PBXGroup section */

/* Begin PBXNativeTarget section */
		7E0B20B427BFA44400BABA2F /* 3.Texture.exercise2.four-faces */ = {
			isa = PBXNativeTarget;
			buildConfigurationList = 7E0B20BD27BFA44400BABA2F /* Build configuration list for PBXNativeTarget "3.Texture.exercise2.four-faces" */;
			buildPhases = (
				7E0B20B527BFA44400BABA2F /* Sources */,
				7E0B20B827BFA44400BABA2F /* Frameworks */,
				7E0B20BC27BFA44400BABA2F /* CopyFiles */,
			);
			buildRules = (
			);
			dependencies = (
			);
			name = "3.Texture.exercise2.four-faces";
			productName = HelloTriangle;
			productReference = 7E0B20C027BFA44400BABA2F /* 3.Texture.exercise2.four-faces */;
			productType = "com.apple.product-type.tool";
		};
		7E0B20C527BFAD6600BABA2F /* 3.Texture.exercise3.zoom-in-texture */ = {
			isa = PBXNativeTarget;
			buildConfigurationList = 7E0B20CE27BFAD6600BABA2F /* Build configuration list for PBXNativeTarget "3.Texture.exercise3.zoom-in-texture" */;
			buildPhases = (
				7E0B20C627BFAD6600BABA2F /* Sources */,
				7E0B20C927BFAD6600BABA2F /* Frameworks */,
				7E0B20CD27BFAD6600BABA2F /* CopyFiles */,
			);
			buildRules = (
			);
			dependencies = (
			);
			name = "3.Texture.exercise3.zoom-in-texture";
			productName = HelloTriangle;
			productReference = 7E0B20D127BFAD6600BABA2F /* 3.Texture.exercise3.zoom-in-texture */;
			productType = "com.apple.product-type.tool";
		};
		7E0B20D227BFAD7000BABA2F /* 3.Texture.exercise4.control-texture-mix */ = {
			isa = PBXNativeTarget;
			buildConfigurationList = 7E0B20DB27BFAD7000BABA2F /* Build configuration list for PBXNativeTarget "3.Texture.exercise4.control-texture-mix" */;
			buildPhases = (
				7E0B20D327BFAD7000BABA2F /* Sources */,
				7E0B20D627BFAD7000BABA2F /* Frameworks */,
				7E0B20DA27BFAD7000BABA2F /* CopyFiles */,
			);
			buildRules = (
			);
			dependencies = (
			);
			name = "3.Texture.exercise4.control-texture-mix";
			productName = HelloTriangle;
			productReference = 7E0B20DE27BFAD7000BABA2F /* 3.Texture.exercise4.control-texture-mix */;
			productType = "com.apple.product-type.tool";
		};
		7E0B20EB27BFF7D000BABA2F /* 4.Transform */ = {
			isa = PBXNativeTarget;
			buildConfigurationList = 7E0B20F427BFF7D000BABA2F /* Build configuration list for PBXNativeTarget "4.Transform" */;
			buildPhases = (
				7E0B20EC27BFF7D000BABA2F /* Sources */,
				7E0B20EF27BFF7D000BABA2F /* Frameworks */,
				7E0B20F327BFF7D000BABA2F /* CopyFiles */,
			);
			buildRules = (
			);
			dependencies = (
			);
			name = 4.Transform;
			productName = HelloTriangle;
			productReference = 7E0B20F727BFF7D000BABA2F /* 4.Transform */;
			productType = "com.apple.product-type.tool";
		};
		7E36EF0E27C754D9005B1804 /* 4.Coordinates_3D */ = {
			isa = PBXNativeTarget;
			buildConfigurationList = 7E36EF1727C754D9005B1804 /* Build configuration list for PBXNativeTarget "4.Coordinates_3D" */;
			buildPhases = (
				7E36EF0F27C754D9005B1804 /* Sources */,
				7E36EF1227C754D9005B1804 /* Frameworks */,
				7E36EF1627C754D9005B1804 /* CopyFiles */,
			);
			buildRules = (
			);
			dependencies = (
			);
			name = 4.Coordinates_3D;
			productName = HelloTriangle;
			productReference = 7E36EF1A27C754D9005B1804 /* 4.Coordinates_3D */;
			productType = "com.apple.product-type.tool";
		};
		7E48061A27C3647D000D66E0 /* 4.Transform.exercise1.先平移后旋转 */ = {
			isa = PBXNativeTarget;
			buildConfigurationList = 7E48062327C3647D000D66E0 /* Build configuration list for PBXNativeTarget "4.Transform.exercise1.先平移后旋转" */;
			buildPhases = (
				7E48061B27C3647D000D66E0 /* Sources */,
				7E48061E27C3647D000D66E0 /* Frameworks */,
				7E48062227C3647D000D66E0 /* CopyFiles */,
			);
			buildRules = (
			);
			dependencies = (
			);
			name = "4.Transform.exercise1.先平移后旋转";
			productName = HelloTriangle;
			productReference = 7E48062627C3647D000D66E0 /* 4.Transform.exercise1.先平移后旋转 */;
			productType = "com.apple.product-type.tool";
		};
		7E48062B27C367F0000D66E0 /* 4.Transform.exercise2.第二个缩放箱子 */ = {
			isa = PBXNativeTarget;
			buildConfigurationList = 7E48063527C367F0000D66E0 /* Build configuration list for PBXNativeTarget "4.Transform.exercise2.第二个缩放箱子" */;
			buildPhases = (
				7E48062C27C367F0000D66E0 /* Sources */,
				7E48063027C367F0000D66E0 /* Frameworks */,
				7E48063427C367F0000D66E0 /* CopyFiles */,
			);
			buildRules = (
			);
			dependencies = (
			);
			name = "4.Transform.exercise2.第二个缩放箱子";
			productName = HelloTriangle;
			productReference = 7E48063827C367F0000D66E0 /* 4.Transform.exercise2.第二个缩放箱子 */;
			productType = "com.apple.product-type.tool";
		};
		7E48063B27C73B00000D66E0 /* 4.Coordinates_2D */ = {
			isa = PBXNativeTarget;
			buildConfigurationList = 7E48064427C73B00000D66E0 /* Build configuration list for PBXNativeTarget "4.Coordinates_2D" */;
			buildPhases = (
				7E48063C27C73B00000D66E0 /* Sources */,
				7E48063F27C73B00000D66E0 /* Frameworks */,
				7E48064327C73B00000D66E0 /* CopyFiles */,
			);
			buildRules = (
			);
			dependencies = (
			);
			name = 4.Coordinates_2D;
			productName = HelloTriangle;
			productReference = 7E48064727C73B00000D66E0 /* 4.Coordinates_2D */;
			productType = "com.apple.product-type.tool";
		};
		7EAD3EF227BC1C7F0039E0D8 /* 2.HelloTriangle */ = {
			isa = PBXNativeTarget;
			buildConfigurationList = 7EAD3EFA27BC1C7F0039E0D8 /* Build configuration list for PBXNativeTarget "2.HelloTriangle" */;
			buildPhases = (
				7EAD3EEF27BC1C7F0039E0D8 /* Sources */,
				7EAD3EF027BC1C7F0039E0D8 /* Frameworks */,
				7EAD3EF127BC1C7F0039E0D8 /* CopyFiles */,
			);
			buildRules = (
			);
			dependencies = (
			);
			name = 2.HelloTriangle;
			productName = HelloTriangle;
			productReference = 7EAD3EF327BC1C7F0039E0D8 /* 2.HelloTriangle */;
			productType = "com.apple.product-type.tool";
		};
		7EAD3F1B27BDEC540039E0D8 /* 2.HelloTriangle-ShaderClass */ = {
			isa = PBXNativeTarget;
			buildConfigurationList = 7EAD3F2427BDEC540039E0D8 /* Build configuration list for PBXNativeTarget "2.HelloTriangle-ShaderClass" */;
			buildPhases = (
				7EAD3F1C27BDEC540039E0D8 /* Sources */,
				7EAD3F1F27BDEC540039E0D8 /* Frameworks */,
				7EAD3F2327BDEC540039E0D8 /* CopyFiles */,
			);
			buildRules = (
			);
			dependencies = (
			);
			name = "2.HelloTriangle-ShaderClass";
			productName = HelloTriangle;
			productReference = 7EAD3F2727BDEC540039E0D8 /* 2.HelloTriangle-ShaderClass */;
			productType = "com.apple.product-type.tool";
		};
		7EAD3F2D27BE1F060039E0D8 /* 3.Texture */ = {
			isa = PBXNativeTarget;
			buildConfigurationList = 7EAD3F3627BE1F060039E0D8 /* Build configuration list for PBXNativeTarget "3.Texture" */;
			buildPhases = (
				7EAD3F2E27BE1F060039E0D8 /* Sources */,
				7EAD3F3127BE1F060039E0D8 /* Frameworks */,
				7EAD3F3527BE1F060039E0D8 /* CopyFiles */,
			);
			buildRules = (
			);
			dependencies = (
			);
			name = 3.Texture;
			productName = HelloTriangle;
			productReference = 7EAD3F3927BE1F060039E0D8 /* 3.Texture */;
			productType = "com.apple.product-type.tool";
		};
		7EF32EB827D1D0F300B10078 /* 4.Camera */ = {
			isa = PBXNativeTarget;
			buildConfigurationList = 7EF32EC127D1D0F300B10078 /* Build configuration list for PBXNativeTarget "4.Camera" */;
			buildPhases = (
				7EF32EB927D1D0F300B10078 /* Sources */,
				7EF32EBC27D1D0F300B10078 /* Frameworks */,
				7EF32EC027D1D0F300B10078 /* CopyFiles */,
			);
			buildRules = (
			);
			dependencies = (
			);
			name = 4.Camera;
			productName = HelloTriangle;
			productReference = 7EF32EC427D1D0F300B10078 /* 4.Camera */;
			productType = "com.apple.product-type.tool";
		};
		7EF32ECE27D35CB000B10078 /* 5.Light.Color */ = {
			isa = PBXNativeTarget;
			buildConfigurationList = 7EF32ED727D35CB000B10078 /* Build configuration list for PBXNativeTarget "5.Light.Color" */;
			buildPhases = (
				7EF32ECF27D35CB000B10078 /* Sources */,
				7EF32ED227D35CB000B10078 /* Frameworks */,
				7EF32ED627D35CB000B10078 /* CopyFiles */,
			);
			buildRules = (
			);
			dependencies = (
			);
			name = 5.Light.Color;
			productName = HelloTriangle;
			productReference = 7EF32EDA27D35CB000B10078 /* 5.Light.Color */;
			productType = "com.apple.product-type.tool";
		};
		7EF32F0427D5A9F200B10078 /* 5.Light.PhongLighting */ = {
			isa = PBXNativeTarget;
			buildConfigurationList = 7EF32F1427D5A9F200B10078 /* Build configuration list for PBXNativeTarget "5.Light.PhongLighting" */;
			buildPhases = (
				7EF32F0527D5A9F200B10078 /* Sources */,
				7EF32F0F27D5A9F200B10078 /* Frameworks */,
				7EF32F1327D5A9F200B10078 /* CopyFiles */,
			);
			buildRules = (
			);
			dependencies = (
			);
			name = 5.Light.PhongLighting;
			productName = HelloTriangle;
			productReference = 7EF32F1727D5A9F200B10078 /* 5.Light.PhongLighting */;
			productType = "com.apple.product-type.tool";
		};
		7EF32F1927D990BE00B10078 /* 5.Material */ = {
			isa = PBXNativeTarget;
			buildConfigurationList = 7EF32F2927D990BE00B10078 /* Build configuration list for PBXNativeTarget "5.Material" */;
			buildPhases = (
				7EF32F1A27D990BE00B10078 /* Sources */,
				7EF32F2427D990BE00B10078 /* Frameworks */,
				7EF32F2827D990BE00B10078 /* CopyFiles */,
			);
			buildRules = (
			);
			dependencies = (
			);
			name = 5.Material;
			productName = HelloTriangle;
			productReference = 7EF32F2C27D990BE00B10078 /* 5.Material */;
			productType = "com.apple.product-type.tool";
		};
		7EF32F3427E0907300B10078 /* 5.LightMap */ = {
			isa = PBXNativeTarget;
			buildConfigurationList = 7EF32F4427E0907300B10078 /* Build configuration list for PBXNativeTarget "5.LightMap" */;
			buildPhases = (
				7EF32F3527E0907300B10078 /* Sources */,
				7EF32F3F27E0907300B10078 /* Frameworks */,
				7EF32F4327E0907300B10078 /* CopyFiles */,
			);
			buildRules = (
			);
			dependencies = (
			);
			name = 5.LightMap;
			productName = HelloTriangle;
			productReference = 7EF32F4727E0907300B10078 /* 5.LightMap */;
			productType = "com.apple.product-type.tool";
		};
		7EF32F4C27EACE5F00B10078 /* 5.FlashLight */ = {
			isa = PBXNativeTarget;
			buildConfigurationList = 7EF32F5C27EACE5F00B10078 /* Build configuration list for PBXNativeTarget "5.FlashLight" */;
			buildPhases = (
				7EF32F4D27EACE5F00B10078 /* Sources */,
				7EF32F5727EACE5F00B10078 /* Frameworks */,
				7EF32F5B27EACE5F00B10078 /* CopyFiles */,
			);
			buildRules = (
			);
			dependencies = (
			);
			name = 5.FlashLight;
			productName = HelloTriangle;
			productReference = 7EF32F5F27EACE5F00B10078 /* 5.FlashLight */;
			productType = "com.apple.product-type.tool";
		};
/* End PBXNativeTarget section */

/* Begin PBXProject section */
		7EAD3EEB27BC1C7F0039E0D8 /* Project object */ = {
			isa = PBXProject;
			attributes = {
				BuildIndependentTargetsInParallel = 1;
				LastUpgradeCheck = 1310;
				TargetAttributes = {
					7EAD3EF227BC1C7F0039E0D8 = {
						CreatedOnToolsVersion = 13.1;
					};
				};
			};
			buildConfigurationList = 7EAD3EEE27BC1C7F0039E0D8 /* Build configuration list for PBXProject "LearnOpenGL" */;
			compatibilityVersion = "Xcode 13.0";
			developmentRegion = en;
			hasScannedForEncodings = 0;
			knownRegions = (
				en,
				Base,
			);
			mainGroup = 7EAD3EEA27BC1C7F0039E0D8;
			productRefGroup = 7EAD3EF427BC1C7F0039E0D8 /* Products */;
			projectDirPath = "";
			projectRoot = "";
			targets = (
				7EAD3EF227BC1C7F0039E0D8 /* 2.HelloTriangle */,
				7EAD3F1B27BDEC540039E0D8 /* 2.HelloTriangle-ShaderClass */,
				7EAD3F2D27BE1F060039E0D8 /* 3.Texture */,
				7E0B20B427BFA44400BABA2F /* 3.Texture.exercise2.four-faces */,
				7E0B20C527BFAD6600BABA2F /* 3.Texture.exercise3.zoom-in-texture */,
				7E0B20D227BFAD7000BABA2F /* 3.Texture.exercise4.control-texture-mix */,
				7E0B20EB27BFF7D000BABA2F /* 4.Transform */,
				7E48061A27C3647D000D66E0 /* 4.Transform.exercise1.先平移后旋转 */,
				7E48062B27C367F0000D66E0 /* 4.Transform.exercise2.第二个缩放箱子 */,
				7E48063B27C73B00000D66E0 /* 4.Coordinates_2D */,
				7E36EF0E27C754D9005B1804 /* 4.Coordinates_3D */,
				7EF32EB827D1D0F300B10078 /* 4.Camera */,
				7EF32ECE27D35CB000B10078 /* 5.Light.Color */,
				7EF32F0427D5A9F200B10078 /* 5.Light.PhongLighting */,
				7EF32F1927D990BE00B10078 /* 5.Material */,
				7EF32F3427E0907300B10078 /* 5.LightMap */,
				7EF32F4C27EACE5F00B10078 /* 5.FlashLight */,
			);
		};
/* End PBXProject section */

/* Begin PBXSourcesBuildPhase section */
		7E0B20B527BFA44400BABA2F /* Sources */ = {
			isa = PBXSourcesBuildPhase;
			buildActionMask = 2147483647;
			files = (
				7E0B20C227BFA4DD00BABA2F /* 3.Texture.exercise2.four-faces.cpp in Sources */,
				7E0B20B627BFA44400BABA2F /* glad.c in Sources */,
			);
			runOnlyForDeploymentPostprocessing = 0;
		};
		7E0B20C627BFAD6600BABA2F /* Sources */ = {
			isa = PBXSourcesBuildPhase;
			buildActionMask = 2147483647;
			files = (
				7E0B20E927BFBD5400BABA2F /* 3.Texture.exercise3.zoom-in-texture.cpp in Sources */,
				7E0B20C827BFAD6600BABA2F /* glad.c in Sources */,
			);
			runOnlyForDeploymentPostprocessing = 0;
		};
		7E0B20D327BFAD7000BABA2F /* Sources */ = {
			isa = PBXSourcesBuildPhase;
			buildActionMask = 2147483647;
			files = (
				7E0B20EA27BFBD5F00BABA2F /* 3.Texture.exercise4.control-texture-mix.cpp in Sources */,
				7E0B20D527BFAD7000BABA2F /* glad.c in Sources */,
			);
			runOnlyForDeploymentPostprocessing = 0;
		};
		7E0B20EC27BFF7D000BABA2F /* Sources */ = {
			isa = PBXSourcesBuildPhase;
			buildActionMask = 2147483647;
			files = (
				7E48061727C1C7BA000D66E0 /* 4.Transform.cpp in Sources */,
				7E0B20ED27BFF7D000BABA2F /* glad.c in Sources */,
			);
			runOnlyForDeploymentPostprocessing = 0;
		};
		7E36EF0F27C754D9005B1804 /* Sources */ = {
			isa = PBXSourcesBuildPhase;
			buildActionMask = 2147483647;
			files = (
				7E36EF1B27C754F3005B1804 /* 4.Coordinates_3D.cpp in Sources */,
				7E36EF1127C754D9005B1804 /* glad.c in Sources */,
			);
			runOnlyForDeploymentPostprocessing = 0;
		};
		7E48061B27C3647D000D66E0 /* Sources */ = {
			isa = PBXSourcesBuildPhase;
			buildActionMask = 2147483647;
			files = (
				7E48062827C36492000D66E0 /* 4.Transform.exercise1.先平移后旋转.cpp in Sources */,
				7E48061D27C3647D000D66E0 /* glad.c in Sources */,
			);
			runOnlyForDeploymentPostprocessing = 0;
		};
		7E48062C27C367F0000D66E0 /* Sources */ = {
			isa = PBXSourcesBuildPhase;
			buildActionMask = 2147483647;
			files = (
				7E48063927C36817000D66E0 /* 4.Transform.exercise2.第二个缩放箱子.cpp in Sources */,
				7E48062F27C367F0000D66E0 /* glad.c in Sources */,
			);
			runOnlyForDeploymentPostprocessing = 0;
		};
		7E48063C27C73B00000D66E0 /* Sources */ = {
			isa = PBXSourcesBuildPhase;
			buildActionMask = 2147483647;
			files = (
				7E48064827C73B12000D66E0 /* 4.Coordinates_2D.cpp in Sources */,
				7E48063E27C73B00000D66E0 /* glad.c in Sources */,
			);
			runOnlyForDeploymentPostprocessing = 0;
		};
		7EAD3EEF27BC1C7F0039E0D8 /* Sources */ = {
			isa = PBXSourcesBuildPhase;
			buildActionMask = 2147483647;
			files = (
				7EAD3EF727BC1C7F0039E0D8 /* 2.HelloTriangle.cpp in Sources */,
				7EAD3F1727BDE60E0039E0D8 /* glad.c in Sources */,
			);
			runOnlyForDeploymentPostprocessing = 0;
		};
		7EAD3F1C27BDEC540039E0D8 /* Sources */ = {
			isa = PBXSourcesBuildPhase;
			buildActionMask = 2147483647;
			files = (
				7EAD3F2827BDEC6C0039E0D8 /* 2.HelloTriangle-ShaderClass.cpp in Sources */,
				7EAD3F1E27BDEC540039E0D8 /* glad.c in Sources */,
			);
			runOnlyForDeploymentPostprocessing = 0;
		};
		7EAD3F2E27BE1F060039E0D8 /* Sources */ = {
			isa = PBXSourcesBuildPhase;
			buildActionMask = 2147483647;
			files = (
				7EAD3F3027BE1F060039E0D8 /* glad.c in Sources */,
				7EAD3F3A27BEA2A70039E0D8 /* 3.Texture.cpp in Sources */,
			);
			runOnlyForDeploymentPostprocessing = 0;
		};
		7EF32EB927D1D0F300B10078 /* Sources */ = {
			isa = PBXSourcesBuildPhase;
			buildActionMask = 2147483647;
			files = (
				7EF32EC627D1D13100B10078 /* 4.Camera.cpp in Sources */,
				7EF32EBB27D1D0F300B10078 /* glad.c in Sources */,
			);
			runOnlyForDeploymentPostprocessing = 0;
		};
		7EF32ECF27D35CB000B10078 /* Sources */ = {
			isa = PBXSourcesBuildPhase;
			buildActionMask = 2147483647;
			files = (
				7EF32EF927D4E8FA00B10078 /* imgui_draw.cpp in Sources */,
				7EF32EFA27D4E8FA00B10078 /* imgui_tables.cpp in Sources */,
				7EF32EFB27D4E8FB00B10078 /* imgui_widgets.cpp in Sources */,
				7EF32EFC27D4E8FB00B10078 /* imgui.cpp in Sources */,
				7EF32EEC27D4E6F500B10078 /* imgui_impl_glfw.cpp in Sources */,
				7EF32EED27D4E6F500B10078 /* imgui_impl_opengl3.cpp in Sources */,
				7EF32EDF27D35FCC00B10078 /* 5.Light.Color.cpp in Sources */,
				7EF32EFE27D4EAA200B10078 /* imgui_demo.cpp in Sources */,
				7EF32ED127D35CB000B10078 /* glad.c in Sources */,
			);
			runOnlyForDeploymentPostprocessing = 0;
		};
		7EF32F0527D5A9F200B10078 /* Sources */ = {
			isa = PBXSourcesBuildPhase;
			buildActionMask = 2147483647;
			files = (
				7EF32F1827D5AA0900B10078 /* 5.Light.PhongLighting.cpp in Sources */,
				7EF32F0627D5A9F200B10078 /* imgui_draw.cpp in Sources */,
				7EF32F0727D5A9F200B10078 /* imgui_tables.cpp in Sources */,
				7EF32F0827D5A9F200B10078 /* imgui_widgets.cpp in Sources */,
				7EF32F0927D5A9F200B10078 /* imgui.cpp in Sources */,
				7EF32F0A27D5A9F200B10078 /* imgui_impl_glfw.cpp in Sources */,
				7EF32F0B27D5A9F200B10078 /* imgui_impl_opengl3.cpp in Sources */,
				7EF32F0E27D5A9F200B10078 /* glad.c in Sources */,
			);
			runOnlyForDeploymentPostprocessing = 0;
		};
		7EF32F1A27D990BE00B10078 /* Sources */ = {
			isa = PBXSourcesBuildPhase;
			buildActionMask = 2147483647;
			files = (
				7EF32F3027D9916A00B10078 /* 5.Material.cpp in Sources */,
				7EF32F1B27D990BE00B10078 /* imgui_draw.cpp in Sources */,
				7EF32F1C27D990BE00B10078 /* imgui_tables.cpp in Sources */,
				7EF32F1D27D990BE00B10078 /* imgui_widgets.cpp in Sources */,
				7EF32F1E27D990BE00B10078 /* imgui.cpp in Sources */,
				7EF32F1F27D990BE00B10078 /* imgui_impl_glfw.cpp in Sources */,
				7EF32F2027D990BE00B10078 /* imgui_impl_opengl3.cpp in Sources */,
				7EF32F2227D990BE00B10078 /* imgui_demo.cpp in Sources */,
				7EF32F2327D990BE00B10078 /* glad.c in Sources */,
			);
			runOnlyForDeploymentPostprocessing = 0;
		};
		7EF32F3527E0907300B10078 /* Sources */ = {
			isa = PBXSourcesBuildPhase;
			buildActionMask = 2147483647;
			files = (
				7EF32F4827E0908000B10078 /* 5.Material_LightingMap.cpp in Sources */,
				7EF32F3727E0907300B10078 /* imgui_draw.cpp in Sources */,
				7EF32F3827E0907300B10078 /* imgui_tables.cpp in Sources */,
				7EF32F3927E0907300B10078 /* imgui_widgets.cpp in Sources */,
				7EF32F3A27E0907300B10078 /* imgui.cpp in Sources */,
				7EF32F3B27E0907300B10078 /* imgui_impl_glfw.cpp in Sources */,
				7EF32F3C27E0907300B10078 /* imgui_impl_opengl3.cpp in Sources */,
				7EF32F3D27E0907300B10078 /* imgui_demo.cpp in Sources */,
				7EF32F3E27E0907300B10078 /* glad.c in Sources */,
			);
			runOnlyForDeploymentPostprocessing = 0;
		};
		7EF32F4D27EACE5F00B10078 /* Sources */ = {
			isa = PBXSourcesBuildPhase;
			buildActionMask = 2147483647;
			files = (
				7EF32F6027EACE7800B10078 /* 5.FlashLight.cpp in Sources */,
				7EF32F4F27EACE5F00B10078 /* imgui_draw.cpp in Sources */,
				7EF32F5027EACE5F00B10078 /* imgui_tables.cpp in Sources */,
				7EF32F5127EACE5F00B10078 /* imgui_widgets.cpp in Sources */,
				7EF32F5227EACE5F00B10078 /* imgui.cpp in Sources */,
				7EF32F5327EACE5F00B10078 /* imgui_impl_glfw.cpp in Sources */,
				7EF32F5427EACE5F00B10078 /* imgui_impl_opengl3.cpp in Sources */,
				7EF32F5527EACE5F00B10078 /* imgui_demo.cpp in Sources */,
				7EF32F5627EACE5F00B10078 /* glad.c in Sources */,
			);
			runOnlyForDeploymentPostprocessing = 0;
		};
/* End PBXSourcesBuildPhase section */

/* Begin XCBuildConfiguration section */
		7E0B20BE27BFA44400BABA2F /* Debug */ = {
			isa = XCBuildConfiguration;
			buildSettings = {
				CODE_SIGN_STYLE = Automatic;
				HEADER_SEARCH_PATHS = "${inherited}";
				LIBRARY_SEARCH_PATHS = "$(inherited)";
				PRODUCT_NAME = "$(TARGET_NAME)";
			};
			name = Debug;
		};
		7E0B20BF27BFA44400BABA2F /* Release */ = {
			isa = XCBuildConfiguration;
			buildSettings = {
				CODE_SIGN_STYLE = Automatic;
				HEADER_SEARCH_PATHS = "${inherited}";
				LIBRARY_SEARCH_PATHS = "$(inherited)";
				PRODUCT_NAME = "$(TARGET_NAME)";
			};
			name = Release;
		};
		7E0B20CF27BFAD6600BABA2F /* Debug */ = {
			isa = XCBuildConfiguration;
			buildSettings = {
				CODE_SIGN_STYLE = Automatic;
				HEADER_SEARCH_PATHS = "${inherited}";
				LIBRARY_SEARCH_PATHS = "$(inherited)";
				PRODUCT_NAME = "$(TARGET_NAME)";
			};
			name = Debug;
		};
		7E0B20D027BFAD6600BABA2F /* Release */ = {
			isa = XCBuildConfiguration;
			buildSettings = {
				CODE_SIGN_STYLE = Automatic;
				HEADER_SEARCH_PATHS = "${inherited}";
				LIBRARY_SEARCH_PATHS = "$(inherited)";
				PRODUCT_NAME = "$(TARGET_NAME)";
			};
			name = Release;
		};
		7E0B20DC27BFAD7000BABA2F /* Debug */ = {
			isa = XCBuildConfiguration;
			buildSettings = {
				CODE_SIGN_STYLE = Automatic;
				HEADER_SEARCH_PATHS = "${inherited}";
				LIBRARY_SEARCH_PATHS = "$(inherited)";
				PRODUCT_NAME = "$(TARGET_NAME)";
			};
			name = Debug;
		};
		7E0B20DD27BFAD7000BABA2F /* Release */ = {
			isa = XCBuildConfiguration;
			buildSettings = {
				CODE_SIGN_STYLE = Automatic;
				HEADER_SEARCH_PATHS = "${inherited}";
				LIBRARY_SEARCH_PATHS = "$(inherited)";
				PRODUCT_NAME = "$(TARGET_NAME)";
			};
			name = Release;
		};
		7E0B20F527BFF7D000BABA2F /* Debug */ = {
			isa = XCBuildConfiguration;
			buildSettings = {
				CODE_SIGN_STYLE = Automatic;
				HEADER_SEARCH_PATHS = "${inherited}";
				LIBRARY_SEARCH_PATHS = "$(inherited)";
				PRODUCT_NAME = "$(TARGET_NAME)";
			};
			name = Debug;
		};
		7E0B20F627BFF7D000BABA2F /* Release */ = {
			isa = XCBuildConfiguration;
			buildSettings = {
				CODE_SIGN_STYLE = Automatic;
				HEADER_SEARCH_PATHS = "${inherited}";
				LIBRARY_SEARCH_PATHS = "$(inherited)";
				PRODUCT_NAME = "$(TARGET_NAME)";
			};
			name = Release;
		};
		7E36EF1827C754D9005B1804 /* Debug */ = {
			isa = XCBuildConfiguration;
			buildSettings = {
				CODE_SIGN_STYLE = Automatic;
				HEADER_SEARCH_PATHS = "${inherited}";
				LIBRARY_SEARCH_PATHS = "$(inherited)";
				PRODUCT_NAME = "$(TARGET_NAME)";
			};
			name = Debug;
		};
		7E36EF1927C754D9005B1804 /* Release */ = {
			isa = XCBuildConfiguration;
			buildSettings = {
				CODE_SIGN_STYLE = Automatic;
				HEADER_SEARCH_PATHS = "${inherited}";
				LIBRARY_SEARCH_PATHS = "$(inherited)";
				PRODUCT_NAME = "$(TARGET_NAME)";
			};
			name = Release;
		};
		7E48062427C3647D000D66E0 /* Debug */ = {
			isa = XCBuildConfiguration;
			buildSettings = {
				CODE_SIGN_STYLE = Automatic;
				HEADER_SEARCH_PATHS = "${inherited}";
				LIBRARY_SEARCH_PATHS = "$(inherited)";
				PRODUCT_NAME = "$(TARGET_NAME)";
			};
			name = Debug;
		};
		7E48062527C3647D000D66E0 /* Release */ = {
			isa = XCBuildConfiguration;
			buildSettings = {
				CODE_SIGN_STYLE = Automatic;
				HEADER_SEARCH_PATHS = "${inherited}";
				LIBRARY_SEARCH_PATHS = "$(inherited)";
				PRODUCT_NAME = "$(TARGET_NAME)";
			};
			name = Release;
		};
		7E48063627C367F0000D66E0 /* Debug */ = {
			isa = XCBuildConfiguration;
			buildSettings = {
				CODE_SIGN_STYLE = Automatic;
				HEADER_SEARCH_PATHS = "${inherited}";
				LIBRARY_SEARCH_PATHS = "$(inherited)";
				PRODUCT_NAME = "$(TARGET_NAME)";
			};
			name = Debug;
		};
		7E48063727C367F0000D66E0 /* Release */ = {
			isa = XCBuildConfiguration;
			buildSettings = {
				CODE_SIGN_STYLE = Automatic;
				HEADER_SEARCH_PATHS = "${inherited}";
				LIBRARY_SEARCH_PATHS = "$(inherited)";
				PRODUCT_NAME = "$(TARGET_NAME)";
			};
			name = Release;
		};
		7E48064527C73B00000D66E0 /* Debug */ = {
			isa = XCBuildConfiguration;
			buildSettings = {
				CODE_SIGN_STYLE = Automatic;
				HEADER_SEARCH_PATHS = "${inherited}";
				LIBRARY_SEARCH_PATHS = "$(inherited)";
				PRODUCT_NAME = "$(TARGET_NAME)";
			};
			name = Debug;
		};
		7E48064627C73B00000D66E0 /* Release */ = {
			isa = XCBuildConfiguration;
			buildSettings = {
				CODE_SIGN_STYLE = Automatic;
				HEADER_SEARCH_PATHS = "${inherited}";
				LIBRARY_SEARCH_PATHS = "$(inherited)";
				PRODUCT_NAME = "$(TARGET_NAME)";
			};
			name = Release;
		};
		7EAD3EF827BC1C7F0039E0D8 /* Debug */ = {
			isa = XCBuildConfiguration;
			buildSettings = {
				ALWAYS_SEARCH_USER_PATHS = NO;
				CLANG_ANALYZER_NONNULL = YES;
				CLANG_ANALYZER_NUMBER_OBJECT_CONVERSION = YES_AGGRESSIVE;
				CLANG_CXX_LANGUAGE_STANDARD = "gnu++17";
				CLANG_CXX_LIBRARY = "libc++";
				CLANG_ENABLE_MODULES = YES;
				CLANG_ENABLE_OBJC_ARC = YES;
				CLANG_ENABLE_OBJC_WEAK = YES;
				CLANG_WARN_BLOCK_CAPTURE_AUTORELEASING = YES;
				CLANG_WARN_BOOL_CONVERSION = YES;
				CLANG_WARN_COMMA = YES;
				CLANG_WARN_CONSTANT_CONVERSION = YES;
				CLANG_WARN_DEPRECATED_OBJC_IMPLEMENTATIONS = YES;
				CLANG_WARN_DIRECT_OBJC_ISA_USAGE = YES_ERROR;
				CLANG_WARN_DOCUMENTATION_COMMENTS = YES;
				CLANG_WARN_EMPTY_BODY = YES;
				CLANG_WARN_ENUM_CONVERSION = YES;
				CLANG_WARN_INFINITE_RECURSION = YES;
				CLANG_WARN_INT_CONVERSION = YES;
				CLANG_WARN_NON_LITERAL_NULL_CONVERSION = YES;
				CLANG_WARN_OBJC_IMPLICIT_RETAIN_SELF = YES;
				CLANG_WARN_OBJC_LITERAL_CONVERSION = YES;
				CLANG_WARN_OBJC_ROOT_CLASS = YES_ERROR;
				CLANG_WARN_QUOTED_INCLUDE_IN_FRAMEWORK_HEADER = YES;
				CLANG_WARN_RANGE_LOOP_ANALYSIS = YES;
				CLANG_WARN_STRICT_PROTOTYPES = YES;
				CLANG_WARN_SUSPICIOUS_MOVE = YES;
				CLANG_WARN_UNGUARDED_AVAILABILITY = YES_AGGRESSIVE;
				CLANG_WARN_UNREACHABLE_CODE = YES;
				CLANG_WARN__DUPLICATE_METHOD_MATCH = YES;
				COPY_PHASE_STRIP = NO;
				DEBUG_INFORMATION_FORMAT = dwarf;
				ENABLE_STRICT_OBJC_MSGSEND = YES;
				ENABLE_TESTABILITY = YES;
				GCC_C_LANGUAGE_STANDARD = gnu11;
				GCC_DYNAMIC_NO_PIC = NO;
				GCC_NO_COMMON_BLOCKS = YES;
				GCC_OPTIMIZATION_LEVEL = 0;
				GCC_PREPROCESSOR_DEFINITIONS = (
					"DEBUG=1",
					"$(inherited)",
				);
				GCC_WARN_64_TO_32_BIT_CONVERSION = YES;
				GCC_WARN_ABOUT_RETURN_TYPE = YES_ERROR;
				GCC_WARN_UNDECLARED_SELECTOR = YES;
				GCC_WARN_UNINITIALIZED_AUTOS = YES_AGGRESSIVE;
				GCC_WARN_UNUSED_FUNCTION = YES;
				GCC_WARN_UNUSED_VARIABLE = YES;
				HEADER_SEARCH_PATHS = (
					/usr/local/include/,
					/Users/lance/code/learnopengl/vendor/stb,
					/Users/lance/code/learnopengl/vendor/glm/include,
					/Users/lance/code/learnopengl/LearnOpenGL/learnopengl,
					/Users/lance/code/learnopengl/LearnOpenGL,
				);
				LIBRARY_SEARCH_PATHS = /usr/local/Cellar/glfw/3.3.6/lib;
				MACOSX_DEPLOYMENT_TARGET = 12.0;
				MTL_ENABLE_DEBUG_INFO = INCLUDE_SOURCE;
				MTL_FAST_MATH = YES;
				ONLY_ACTIVE_ARCH = YES;
				SDKROOT = macosx;
			};
			name = Debug;
		};
		7EAD3EF927BC1C7F0039E0D8 /* Release */ = {
			isa = XCBuildConfiguration;
			buildSettings = {
				ALWAYS_SEARCH_USER_PATHS = NO;
				CLANG_ANALYZER_NONNULL = YES;
				CLANG_ANALYZER_NUMBER_OBJECT_CONVERSION = YES_AGGRESSIVE;
				CLANG_CXX_LANGUAGE_STANDARD = "gnu++17";
				CLANG_CXX_LIBRARY = "libc++";
				CLANG_ENABLE_MODULES = YES;
				CLANG_ENABLE_OBJC_ARC = YES;
				CLANG_ENABLE_OBJC_WEAK = YES;
				CLANG_WARN_BLOCK_CAPTURE_AUTORELEASING = YES;
				CLANG_WARN_BOOL_CONVERSION = YES;
				CLANG_WARN_COMMA = YES;
				CLANG_WARN_CONSTANT_CONVERSION = YES;
				CLANG_WARN_DEPRECATED_OBJC_IMPLEMENTATIONS = YES;
				CLANG_WARN_DIRECT_OBJC_ISA_USAGE = YES_ERROR;
				CLANG_WARN_DOCUMENTATION_COMMENTS = YES;
				CLANG_WARN_EMPTY_BODY = YES;
				CLANG_WARN_ENUM_CONVERSION = YES;
				CLANG_WARN_INFINITE_RECURSION = YES;
				CLANG_WARN_INT_CONVERSION = YES;
				CLANG_WARN_NON_LITERAL_NULL_CONVERSION = YES;
				CLANG_WARN_OBJC_IMPLICIT_RETAIN_SELF = YES;
				CLANG_WARN_OBJC_LITERAL_CONVERSION = YES;
				CLANG_WARN_OBJC_ROOT_CLASS = YES_ERROR;
				CLANG_WARN_QUOTED_INCLUDE_IN_FRAMEWORK_HEADER = YES;
				CLANG_WARN_RANGE_LOOP_ANALYSIS = YES;
				CLANG_WARN_STRICT_PROTOTYPES = YES;
				CLANG_WARN_SUSPICIOUS_MOVE = YES;
				CLANG_WARN_UNGUARDED_AVAILABILITY = YES_AGGRESSIVE;
				CLANG_WARN_UNREACHABLE_CODE = YES;
				CLANG_WARN__DUPLICATE_METHOD_MATCH = YES;
				COPY_PHASE_STRIP = NO;
				DEBUG_INFORMATION_FORMAT = "dwarf-with-dsym";
				ENABLE_NS_ASSERTIONS = NO;
				ENABLE_STRICT_OBJC_MSGSEND = YES;
				GCC_C_LANGUAGE_STANDARD = gnu11;
				GCC_NO_COMMON_BLOCKS = YES;
				GCC_WARN_64_TO_32_BIT_CONVERSION = YES;
				GCC_WARN_ABOUT_RETURN_TYPE = YES_ERROR;
				GCC_WARN_UNDECLARED_SELECTOR = YES;
				GCC_WARN_UNINITIALIZED_AUTOS = YES_AGGRESSIVE;
				GCC_WARN_UNUSED_FUNCTION = YES;
				GCC_WARN_UNUSED_VARIABLE = YES;
				HEADER_SEARCH_PATHS = (
					/usr/local/include/,
					/Users/lance/code/learnopengl/vendor/stb,
					/Users/lance/code/learnopengl/vendor/glm/include,
					/Users/lance/code/learnopengl/LearnOpenGL/learnopengl,
					/Users/lance/code/learnopengl/LearnOpenGL,
				);
				LIBRARY_SEARCH_PATHS = /usr/local/Cellar/glfw/3.3.6/lib;
				MACOSX_DEPLOYMENT_TARGET = 12.0;
				MTL_ENABLE_DEBUG_INFO = NO;
				MTL_FAST_MATH = YES;
				SDKROOT = macosx;
			};
			name = Release;
		};
		7EAD3EFB27BC1C7F0039E0D8 /* Debug */ = {
			isa = XCBuildConfiguration;
			buildSettings = {
				CODE_SIGN_STYLE = Automatic;
				HEADER_SEARCH_PATHS = "${inherited}";
				LIBRARY_SEARCH_PATHS = "$(inherited)";
				PRODUCT_NAME = "$(TARGET_NAME)";
			};
			name = Debug;
		};
		7EAD3EFC27BC1C7F0039E0D8 /* Release */ = {
			isa = XCBuildConfiguration;
			buildSettings = {
				CODE_SIGN_STYLE = Automatic;
				HEADER_SEARCH_PATHS = "${inherited}";
				LIBRARY_SEARCH_PATHS = "$(inherited)";
				PRODUCT_NAME = "$(TARGET_NAME)";
			};
			name = Release;
		};
		7EAD3F2527BDEC540039E0D8 /* Debug */ = {
			isa = XCBuildConfiguration;
			buildSettings = {
				CODE_SIGN_STYLE = Automatic;
				HEADER_SEARCH_PATHS = "${inherited}";
				LIBRARY_SEARCH_PATHS = "$(inherited)";
				PRODUCT_NAME = "$(TARGET_NAME)";
			};
			name = Debug;
		};
		7EAD3F2627BDEC540039E0D8 /* Release */ = {
			isa = XCBuildConfiguration;
			buildSettings = {
				CODE_SIGN_STYLE = Automatic;
				HEADER_SEARCH_PATHS = "${inherited}";
				LIBRARY_SEARCH_PATHS = "$(inherited)";
				PRODUCT_NAME = "$(TARGET_NAME)";
			};
			name = Release;
		};
		7EAD3F3727BE1F060039E0D8 /* Debug */ = {
			isa = XCBuildConfiguration;
			buildSettings = {
				CODE_SIGN_STYLE = Automatic;
				HEADER_SEARCH_PATHS = "${inherited}";
				LIBRARY_SEARCH_PATHS = "$(inherited)";
				PRODUCT_NAME = "$(TARGET_NAME)";
			};
			name = Debug;
		};
		7EAD3F3827BE1F060039E0D8 /* Release */ = {
			isa = XCBuildConfiguration;
			buildSettings = {
				CODE_SIGN_STYLE = Automatic;
				HEADER_SEARCH_PATHS = "${inherited}";
				LIBRARY_SEARCH_PATHS = "$(inherited)";
				PRODUCT_NAME = "$(TARGET_NAME)";
			};
			name = Release;
		};
		7EF32EC227D1D0F300B10078 /* Debug */ = {
			isa = XCBuildConfiguration;
			buildSettings = {
				CODE_SIGN_STYLE = Automatic;
				HEADER_SEARCH_PATHS = "${inherited}";
				LIBRARY_SEARCH_PATHS = "$(inherited)";
				PRODUCT_NAME = "$(TARGET_NAME)";
			};
			name = Debug;
		};
		7EF32EC327D1D0F300B10078 /* Release */ = {
			isa = XCBuildConfiguration;
			buildSettings = {
				CODE_SIGN_STYLE = Automatic;
				HEADER_SEARCH_PATHS = "${inherited}";
				LIBRARY_SEARCH_PATHS = "$(inherited)";
				PRODUCT_NAME = "$(TARGET_NAME)";
			};
			name = Release;
		};
		7EF32ED827D35CB000B10078 /* Debug */ = {
			isa = XCBuildConfiguration;
			buildSettings = {
				CODE_SIGN_STYLE = Automatic;
				HEADER_SEARCH_PATHS = "${inherited}";
				LIBRARY_SEARCH_PATHS = "$(inherited)";
				PRODUCT_NAME = "$(TARGET_NAME)";
			};
			name = Debug;
		};
		7EF32ED927D35CB000B10078 /* Release */ = {
			isa = XCBuildConfiguration;
			buildSettings = {
				CODE_SIGN_STYLE = Automatic;
				HEADER_SEARCH_PATHS = "${inherited}";
				LIBRARY_SEARCH_PATHS = "$(inherited)";
				PRODUCT_NAME = "$(TARGET_NAME)";
			};
			name = Release;
		};
		7EF32F1527D5A9F200B10078 /* Debug */ = {
			isa = XCBuildConfiguration;
			buildSettings = {
				CODE_SIGN_STYLE = Automatic;
				HEADER_SEARCH_PATHS = "${inherited}";
				LIBRARY_SEARCH_PATHS = "$(inherited)";
				PRODUCT_NAME = "$(TARGET_NAME)";
			};
			name = Debug;
		};
		7EF32F1627D5A9F200B10078 /* Release */ = {
			isa = XCBuildConfiguration;
			buildSettings = {
				CODE_SIGN_STYLE = Automatic;
				HEADER_SEARCH_PATHS = "${inherited}";
				LIBRARY_SEARCH_PATHS = "$(inherited)";
				PRODUCT_NAME = "$(TARGET_NAME)";
			};
			name = Release;
		};
		7EF32F2A27D990BE00B10078 /* Debug */ = {
			isa = XCBuildConfiguration;
			buildSettings = {
				CODE_SIGN_STYLE = Automatic;
				HEADER_SEARCH_PATHS = "${inherited}";
				LIBRARY_SEARCH_PATHS = "$(inherited)";
				PRODUCT_NAME = "$(TARGET_NAME)";
			};
			name = Debug;
		};
		7EF32F2B27D990BE00B10078 /* Release */ = {
			isa = XCBuildConfiguration;
			buildSettings = {
				CODE_SIGN_STYLE = Automatic;
				HEADER_SEARCH_PATHS = "${inherited}";
				LIBRARY_SEARCH_PATHS = "$(inherited)";
				PRODUCT_NAME = "$(TARGET_NAME)";
			};
			name = Release;
		};
		7EF32F4527E0907300B10078 /* Debug */ = {
			isa = XCBuildConfiguration;
			buildSettings = {
				CODE_SIGN_STYLE = Automatic;
				HEADER_SEARCH_PATHS = "${inherited}";
				LIBRARY_SEARCH_PATHS = "$(inherited)";
				PRODUCT_NAME = "$(TARGET_NAME)";
			};
			name = Debug;
		};
		7EF32F4627E0907300B10078 /* Release */ = {
			isa = XCBuildConfiguration;
			buildSettings = {
				CODE_SIGN_STYLE = Automatic;
				HEADER_SEARCH_PATHS = "${inherited}";
				LIBRARY_SEARCH_PATHS = "$(inherited)";
				PRODUCT_NAME = "$(TARGET_NAME)";
			};
			name = Release;
		};
		7EF32F5D27EACE5F00B10078 /* Debug */ = {
			isa = XCBuildConfiguration;
			buildSettings = {
				CODE_SIGN_STYLE = Automatic;
				HEADER_SEARCH_PATHS = "${inherited}";
				LIBRARY_SEARCH_PATHS = "$(inherited)";
				PRODUCT_NAME = "$(TARGET_NAME)";
			};
			name = Debug;
		};
		7EF32F5E27EACE5F00B10078 /* Release */ = {
			isa = XCBuildConfiguration;
			buildSettings = {
				CODE_SIGN_STYLE = Automatic;
				HEADER_SEARCH_PATHS = "${inherited}";
				LIBRARY_SEARCH_PATHS = "$(inherited)";
				PRODUCT_NAME = "$(TARGET_NAME)";
			};
			name = Release;
		};
/* End XCBuildConfiguration section */

/* Begin XCConfigurationList section */
		7E0B20BD27BFA44400BABA2F /* Build configuration list for PBXNativeTarget "3.Texture.exercise2.four-faces" */ = {
			isa = XCConfigurationList;
			buildConfigurations = (
				7E0B20BE27BFA44400BABA2F /* Debug */,
				7E0B20BF27BFA44400BABA2F /* Release */,
			);
			defaultConfigurationIsVisible = 0;
			defaultConfigurationName = Release;
		};
		7E0B20CE27BFAD6600BABA2F /* Build configuration list for PBXNativeTarget "3.Texture.exercise3.zoom-in-texture" */ = {
			isa = XCConfigurationList;
			buildConfigurations = (
				7E0B20CF27BFAD6600BABA2F /* Debug */,
				7E0B20D027BFAD6600BABA2F /* Release */,
			);
			defaultConfigurationIsVisible = 0;
			defaultConfigurationName = Release;
		};
		7E0B20DB27BFAD7000BABA2F /* Build configuration list for PBXNativeTarget "3.Texture.exercise4.control-texture-mix" */ = {
			isa = XCConfigurationList;
			buildConfigurations = (
				7E0B20DC27BFAD7000BABA2F /* Debug */,
				7E0B20DD27BFAD7000BABA2F /* Release */,
			);
			defaultConfigurationIsVisible = 0;
			defaultConfigurationName = Release;
		};
		7E0B20F427BFF7D000BABA2F /* Build configuration list for PBXNativeTarget "4.Transform" */ = {
			isa = XCConfigurationList;
			buildConfigurations = (
				7E0B20F527BFF7D000BABA2F /* Debug */,
				7E0B20F627BFF7D000BABA2F /* Release */,
			);
			defaultConfigurationIsVisible = 0;
			defaultConfigurationName = Release;
		};
		7E36EF1727C754D9005B1804 /* Build configuration list for PBXNativeTarget "4.Coordinates_3D" */ = {
			isa = XCConfigurationList;
			buildConfigurations = (
				7E36EF1827C754D9005B1804 /* Debug */,
				7E36EF1927C754D9005B1804 /* Release */,
			);
			defaultConfigurationIsVisible = 0;
			defaultConfigurationName = Release;
		};
		7E48062327C3647D000D66E0 /* Build configuration list for PBXNativeTarget "4.Transform.exercise1.先平移后旋转" */ = {
			isa = XCConfigurationList;
			buildConfigurations = (
				7E48062427C3647D000D66E0 /* Debug */,
				7E48062527C3647D000D66E0 /* Release */,
			);
			defaultConfigurationIsVisible = 0;
			defaultConfigurationName = Release;
		};
		7E48063527C367F0000D66E0 /* Build configuration list for PBXNativeTarget "4.Transform.exercise2.第二个缩放箱子" */ = {
			isa = XCConfigurationList;
			buildConfigurations = (
				7E48063627C367F0000D66E0 /* Debug */,
				7E48063727C367F0000D66E0 /* Release */,
			);
			defaultConfigurationIsVisible = 0;
			defaultConfigurationName = Release;
		};
		7E48064427C73B00000D66E0 /* Build configuration list for PBXNativeTarget "4.Coordinates_2D" */ = {
			isa = XCConfigurationList;
			buildConfigurations = (
				7E48064527C73B00000D66E0 /* Debug */,
				7E48064627C73B00000D66E0 /* Release */,
			);
			defaultConfigurationIsVisible = 0;
			defaultConfigurationName = Release;
		};
		7EAD3EEE27BC1C7F0039E0D8 /* Build configuration list for PBXProject "LearnOpenGL" */ = {
			isa = XCConfigurationList;
			buildConfigurations = (
				7EAD3EF827BC1C7F0039E0D8 /* Debug */,
				7EAD3EF927BC1C7F0039E0D8 /* Release */,
			);
			defaultConfigurationIsVisible = 0;
			defaultConfigurationName = Release;
		};
		7EAD3EFA27BC1C7F0039E0D8 /* Build configuration list for PBXNativeTarget "2.HelloTriangle" */ = {
			isa = XCConfigurationList;
			buildConfigurations = (
				7EAD3EFB27BC1C7F0039E0D8 /* Debug */,
				7EAD3EFC27BC1C7F0039E0D8 /* Release */,
			);
			defaultConfigurationIsVisible = 0;
			defaultConfigurationName = Release;
		};
		7EAD3F2427BDEC540039E0D8 /* Build configuration list for PBXNativeTarget "2.HelloTriangle-ShaderClass" */ = {
			isa = XCConfigurationList;
			buildConfigurations = (
				7EAD3F2527BDEC540039E0D8 /* Debug */,
				7EAD3F2627BDEC540039E0D8 /* Release */,
			);
			defaultConfigurationIsVisible = 0;
			defaultConfigurationName = Release;
		};
		7EAD3F3627BE1F060039E0D8 /* Build configuration list for PBXNativeTarget "3.Texture" */ = {
			isa = XCConfigurationList;
			buildConfigurations = (
				7EAD3F3727BE1F060039E0D8 /* Debug */,
				7EAD3F3827BE1F060039E0D8 /* Release */,
			);
			defaultConfigurationIsVisible = 0;
			defaultConfigurationName = Release;
		};
		7EF32EC127D1D0F300B10078 /* Build configuration list for PBXNativeTarget "4.Camera" */ = {
			isa = XCConfigurationList;
			buildConfigurations = (
				7EF32EC227D1D0F300B10078 /* Debug */,
				7EF32EC327D1D0F300B10078 /* Release */,
			);
			defaultConfigurationIsVisible = 0;
			defaultConfigurationName = Release;
		};
		7EF32ED727D35CB000B10078 /* Build configuration list for PBXNativeTarget "5.Light.Color" */ = {
			isa = XCConfigurationList;
			buildConfigurations = (
				7EF32ED827D35CB000B10078 /* Debug */,
				7EF32ED927D35CB000B10078 /* Release */,
			);
			defaultConfigurationIsVisible = 0;
			defaultConfigurationName = Release;
		};
		7EF32F1427D5A9F200B10078 /* Build configuration list for PBXNativeTarget "5.Light.PhongLighting" */ = {
			isa = XCConfigurationList;
			buildConfigurations = (
				7EF32F1527D5A9F200B10078 /* Debug */,
				7EF32F1627D5A9F200B10078 /* Release */,
			);
			defaultConfigurationIsVisible = 0;
			defaultConfigurationName = Release;
		};
		7EF32F2927D990BE00B10078 /* Build configuration list for PBXNativeTarget "5.Material" */ = {
			isa = XCConfigurationList;
			buildConfigurations = (
				7EF32F2A27D990BE00B10078 /* Debug */,
				7EF32F2B27D990BE00B10078 /* Release */,
			);
			defaultConfigurationIsVisible = 0;
			defaultConfigurationName = Release;
		};
		7EF32F4427E0907300B10078 /* Build configuration list for PBXNativeTarget "5.LightMap" */ = {
			isa = XCConfigurationList;
			buildConfigurations = (
				7EF32F4527E0907300B10078 /* Debug */,
				7EF32F4627E0907300B10078 /* Release */,
			);
			defaultConfigurationIsVisible = 0;
			defaultConfigurationName = Release;
		};
		7EF32F5C27EACE5F00B10078 /* Build configuration list for PBXNativeTarget "5.FlashLight" */ = {
			isa = XCConfigurationList;
			buildConfigurations = (
				7EF32F5D27EACE5F00B10078 /* Debug */,
				7EF32F5E27EACE5F00B10078 /* Release */,
			);
			defaultConfigurationIsVisible = 0;
			defaultConfigurationName = Release;
		};
/* End XCConfigurationList section */
	};
	rootObject = 7EAD3EEB27BC1C7F0039E0D8 /* Project object */;
}
